
Microsoft Visual Studio Solution File, Format Version 11.00
# Visual Studio 2010
Project("{8BC9CEB8-8B4A-11D0-8D11-00A0C91BC942}") = "Desea_WM_DBM", "Desea_WM_DBM\Desea_WM_DBM.vcxproj", "{06486BED-6864-4B62-9DCC-978C57EF5D07}"
	ProjectSection(ProjectDependencies) = postProject
		{96AE70C7-52D3-44E7-AAF8-F1300DFDC89C} = {96AE70C7-52D3-44E7-AAF8-F1300DFDC89C}
	EndProjectSection
EndProject
Project("{8BC9CEB8-8B4A-11D0-8D11-00A0C91BC942}") = "DBMData", "DBMData\DBMData.vcxproj", "{5F2D4540-93FB-41F1-93DD-9264BA7F1621}"
EndProject
Project("{8BC9CEB8-8B4A-11D0-8D11-00A0C91BC942}") = "DBAccess", "DBAccess\DBAccess.vcxproj", "{CB57C178-E953-4AE5-9B65-46D268DB49B0}"
EndProject
Project("{8BC9CEB8-8B4A-11D0-8D11-00A0C91BC942}") = "DBMInterface", "DBMInterface\DBMInterface.vcxproj", "{96AE70C7-52D3-44E7-AAF8-F1300DFDC89C}"
	ProjectSection(ProjectDependencies) = postProject
		{8BC09C68-9251-413D-8CA0-E9EDE4E425F5} = {8BC09C68-9251-413D-8CA0-E9EDE4E425F5}
	EndProjectSection
EndProject
Project("{8BC9CEB8-8B4A-11D0-8D11-00A0C91BC942}") = "DBMUi", "DBMUi\DBMUi.vcxproj", "{8BC09C68-9251-413D-8CA0-E9EDE4E425F5}"
	ProjectSection(ProjectDependencies) = postProject
		{CB57C178-E953-4AE5-9B65-46D268DB49B0} = {CB57C178-E953-4AE5-9B65-46D268DB49B0}
	EndProjectSection
EndProject
Project("{2150E333-8FDC-42A3-9474-1A3956D46DE8}") = "文档", "文档", "{A8B46E1C-E108-418D-AE12-8192CAC50D70}"
	ProjectSection(SolutionItems) = preProject
		black.css = black.css
		blue.css = blue.css
		globaldata.txt = globaldata.txt
		readme.txt = readme.txt
		版本更新说明.txt = 版本更新说明.txt
	EndProjectSection
EndProject
Project("{2150E333-8FDC-42A3-9474-1A3956D46DE8}") = "数据库管理", "数据库管理", "{68550D1B-6F2F-45B1-98A6-F771EE7C2AD1}"
	ProjectSection(SolutionItems) = preProject
		数据库笔记.txt = 数据库笔记.txt
	EndProjectSection
EndProject
Project("{2150E333-8FDC-42A3-9474-1A3956D46DE8}") = "战斗部建模", "战斗部建模", "{0AA607B4-D9D2-4F70-A624-D256A66B4076}"
EndProject
Project("{2150E333-8FDC-42A3-9474-1A3956D46DE8}") = "威力分析", "威力分析", "{8F198E06-A1AC-41FD-869B-8EAB0941BFEC}"
	ProjectSection(SolutionItems) = preProject
		威力流程配置.xml = 威力流程配置.xml
	EndProjectSection
EndProject
Project("{2150E333-8FDC-42A3-9474-1A3956D46DE8}") = "基础工具", "基础工具", "{3BEE5651-E180-4FAF-A50B-AA2DC705DDB0}"
EndProject
Project("{2150E333-8FDC-42A3-9474-1A3956D46DE8}") = "战斗部主控", "战斗部主控", "{38E0C3FE-3683-4C71-832F-0DD858EA2ADB}"
EndProject
Project("{8BC9CEB8-8B4A-11D0-8D11-00A0C91BC942}") = "DeseaWarheadMainCtrl", "DeseaWarheadMainCtrl\DeseaWarheadMainCtrl.vcxproj", "{A065601D-C82F-4DDF-AC0A-D546474985E7}"
	ProjectSection(ProjectDependencies) = postProject
		{B225BD03-0E25-4AB1-97A0-3EA7A5C6464F} = {B225BD03-0E25-4AB1-97A0-3EA7A5C6464F}
		{AFB9A54B-500B-403D-9D4C-9EA5A5D11179} = {AFB9A54B-500B-403D-9D4C-9EA5A5D11179}
		{4D885462-C579-44D8-A2D3-22DB75628972} = {4D885462-C579-44D8-A2D3-22DB75628972}
		{2027B367-96A5-44B2-9E57-1A91E64D5E7A} = {2027B367-96A5-44B2-9E57-1A91E64D5E7A}
		{56F56069-143C-4083-9519-5DEBDF9F3E3B} = {56F56069-143C-4083-9519-5DEBDF9F3E3B}
		{CB57C178-E953-4AE5-9B65-46D268DB49B0} = {CB57C178-E953-4AE5-9B65-46D268DB49B0}
		{3D039D88-BAC6-4526-A291-53EE49304EAA} = {3D039D88-BAC6-4526-A291-53EE49304EAA}
		{C1589DFD-782C-4ED0-8970-178D4BFACC51} = {C1589DFD-782C-4ED0-8970-178D4BFACC51}
	EndProjectSection
EndProject
Project("{8BC9CEB8-8B4A-11D0-8D11-00A0C91BC942}") = "BasicTool", "BasicTool\BasicTool.vcxproj", "{090D4EA6-17E5-4F6C-A336-A2D370FDE87E}"
EndProject
Project("{8BC9CEB8-8B4A-11D0-8D11-00A0C91BC942}") = "WarheadMain", "WarheadMain\WarheadMain.vcxproj", "{A4F58387-FCAD-472C-BF7F-7D14F21BE2A0}"
	ProjectSection(ProjectDependencies) = postProject
		{3D039D88-BAC6-4526-A291-53EE49304EAA} = {3D039D88-BAC6-4526-A291-53EE49304EAA}
		{8D8FFCC4-7A95-46C9-ADA0-B95F97866A7C} = {8D8FFCC4-7A95-46C9-ADA0-B95F97866A7C}
	EndProjectSection
EndProject
Project("{8BC9CEB8-8B4A-11D0-8D11-00A0C91BC942}") = "WarheadDraw", "WarheadDraw\WarheadDraw.vcxproj", "{3D039D88-BAC6-4526-A291-53EE49304EAA}"
	ProjectSection(ProjectDependencies) = postProject
		{CA8C9086-83B0-401D-AB30-1BD33C7362EA} = {CA8C9086-83B0-401D-AB30-1BD33C7362EA}
	EndProjectSection
EndProject
Project("{8BC9CEB8-8B4A-11D0-8D11-00A0C91BC942}") = "WarheadReadWrite", "WarheadReadWrite\WarheadReadWrite.vcxproj", "{8D8FFCC4-7A95-46C9-ADA0-B95F97866A7C}"
	ProjectSection(ProjectDependencies) = postProject
		{CA8C9086-83B0-401D-AB30-1BD33C7362EA} = {CA8C9086-83B0-401D-AB30-1BD33C7362EA}
	EndProjectSection
EndProject
Project("{8BC9CEB8-8B4A-11D0-8D11-00A0C91BC942}") = "WarheadModelData", "WarheadModelData\WarheadModelData.vcxproj", "{CA8C9086-83B0-401D-AB30-1BD33C7362EA}"
	ProjectSection(ProjectDependencies) = postProject
		{4D885462-C579-44D8-A2D3-22DB75628972} = {4D885462-C579-44D8-A2D3-22DB75628972}
	EndProjectSection
EndProject
Project("{8BC9CEB8-8B4A-11D0-8D11-00A0C91BC942}") = "PowerAnalysis", "PowerAnalysis\PowerAnalysis.vcxproj", "{C1589DFD-782C-4ED0-8970-178D4BFACC51}"
	ProjectSection(ProjectDependencies) = postProject
		{3D039D88-BAC6-4526-A291-53EE49304EAA} = {3D039D88-BAC6-4526-A291-53EE49304EAA}
	EndProjectSection
EndProject
Project("{8BC9CEB8-8B4A-11D0-8D11-00A0C91BC942}") = "TestPowerAnalysis", "TestPowerAnalysis\TestPowerAnalysis.vcxproj", "{290726E6-0596-4252-A522-A8D2812C8D60}"
	ProjectSection(ProjectDependencies) = postProject
		{C1589DFD-782C-4ED0-8970-178D4BFACC51} = {C1589DFD-782C-4ED0-8970-178D4BFACC51}
	EndProjectSection
EndProject
Project("{2150E333-8FDC-42A3-9474-1A3956D46DE8}") = "测试外来库", "测试外来库", "{22DA749C-1CEE-409B-AD77-FAE7AD3230AD}"
EndProject
Project("{8BC9CEB8-8B4A-11D0-8D11-00A0C91BC942}") = "TestOuterLib", "TestOuterLib\TestOuterLib.vcxproj", "{91E6735B-2B35-4A3E-80A5-E580703BCF4D}"
EndProject
Project("{2150E333-8FDC-42A3-9474-1A3956D46DE8}") = "数据实体", "数据实体", "{6449D1FB-0E75-40EB-998A-CB7FFBEAE8F5}"
EndProject
Project("{8BC9CEB8-8B4A-11D0-8D11-00A0C91BC942}") = "WarheadDataEntity", "WarheadDataEntity\WarheadDataEntity.vcxproj", "{56F56069-143C-4083-9519-5DEBDF9F3E3B}"
	ProjectSection(ProjectDependencies) = postProject
		{CA8C9086-83B0-401D-AB30-1BD33C7362EA} = {CA8C9086-83B0-401D-AB30-1BD33C7362EA}
	EndProjectSection
EndProject
Project("{2150E333-8FDC-42A3-9474-1A3956D46DE8}") = "任务管理", "任务管理", "{9CEADE87-88DF-4E33-8EF1-0E6C2242A1A6}"
EndProject
Project("{2150E333-8FDC-42A3-9474-1A3956D46DE8}") = "战斗部数据库访问", "战斗部数据库访问", "{4E5F43DC-3B69-4F43-9716-DB0F4BA075E3}"
EndProject
Project("{8BC9CEB8-8B4A-11D0-8D11-00A0C91BC942}") = "WarheadDBAccess", "WarheadDBAccess\WarheadDBAccess.vcxproj", "{AFB9A54B-500B-403D-9D4C-9EA5A5D11179}"
	ProjectSection(ProjectDependencies) = postProject
		{B225BD03-0E25-4AB1-97A0-3EA7A5C6464F} = {B225BD03-0E25-4AB1-97A0-3EA7A5C6464F}
		{CB57C178-E953-4AE5-9B65-46D268DB49B0} = {CB57C178-E953-4AE5-9B65-46D268DB49B0}
	EndProjectSection
EndProject
Project("{2150E333-8FDC-42A3-9474-1A3956D46DE8}") = "战斗部文件读写", "战斗部文件读写", "{C999CC79-11E2-483A-BD1A-95C469A4E9A6}"
EndProject
Project("{2150E333-8FDC-42A3-9474-1A3956D46DE8}") = "任务数据库访问", "任务数据库访问", "{4EEBDE65-2E7A-4ADF-BA3C-A07A9D9A9F4C}"
EndProject
Project("{8BC9CEB8-8B4A-11D0-8D11-00A0C91BC942}") = "WarheadFileReadWrite", "WarheadFileReadWrite\WarheadFileReadWrite.vcxproj", "{B225BD03-0E25-4AB1-97A0-3EA7A5C6464F}"
	ProjectSection(ProjectDependencies) = postProject
		{56F56069-143C-4083-9519-5DEBDF9F3E3B} = {56F56069-143C-4083-9519-5DEBDF9F3E3B}
		{8D8FFCC4-7A95-46C9-ADA0-B95F97866A7C} = {8D8FFCC4-7A95-46C9-ADA0-B95F97866A7C}
	EndProjectSection
EndProject
Project("{8BC9CEB8-8B4A-11D0-8D11-00A0C91BC942}") = "TaskDBAccess", "TaskDBAccess\TaskDBAccess.vcxproj", "{2027B367-96A5-44B2-9E57-1A91E64D5E7A}"
EndProject
Project("{8BC9CEB8-8B4A-11D0-8D11-00A0C91BC942}") = "TestBasicTool", "TestBasicTool\TestBasicTool.vcxproj", "{948FF028-EC3B-412B-9290-B29D7241F89D}"
	ProjectSection(ProjectDependencies) = postProject
		{090D4EA6-17E5-4F6C-A336-A2D370FDE87E} = {090D4EA6-17E5-4F6C-A336-A2D370FDE87E}
	EndProjectSection
EndProject
Project("{2150E333-8FDC-42A3-9474-1A3956D46DE8}") = "材料库", "材料库", "{56FB262E-9FA0-45AD-A157-95BB15FECE4F}"
EndProject
Project("{8BC9CEB8-8B4A-11D0-8D11-00A0C91BC942}") = "MaterialLib", "MaterialLib\MaterialLib.vcxproj", "{4D885462-C579-44D8-A2D3-22DB75628972}"
	ProjectSection(ProjectDependencies) = postProject
		{090D4EA6-17E5-4F6C-A336-A2D370FDE87E} = {090D4EA6-17E5-4F6C-A336-A2D370FDE87E}
	EndProjectSection
EndProject
Project("{8BC9CEB8-8B4A-11D0-8D11-00A0C91BC942}") = "TestWarheadFileReadWrite", "TestWarheadFileReadWrite\TestWarheadFileReadWrite.vcxproj", "{4B9497FC-CF8A-428F-AE53-978D1C395336}"
	ProjectSection(ProjectDependencies) = postProject
		{B225BD03-0E25-4AB1-97A0-3EA7A5C6464F} = {B225BD03-0E25-4AB1-97A0-3EA7A5C6464F}
	EndProjectSection
EndProject
Project("{2150E333-8FDC-42A3-9474-1A3956D46DE8}") = "坐标系工具包", "坐标系工具包", "{FE13F0E4-F991-45A9-AD7F-473F36E01F03}"
EndProject
Project("{8BC9CEB8-8B4A-11D0-8D11-00A0C91BC942}") = "CoordSystem", "CoordSystem\CoordSystem.vcxproj", "{B7E95631-3E9C-4977-9031-903CB3D15DF8}"
EndProject
Project("{2150E333-8FDC-42A3-9474-1A3956D46DE8}") = "数字地球", "数字地球", "{4B2B09F7-DB05-4AFB-84BB-0B13AF3AB8CA}"
EndProject
Project("{8BC9CEB8-8B4A-11D0-8D11-00A0C91BC942}") = "TestDigitalEarth", "TestDigitalEarth\TestDigitalEarth.vcxproj", "{ADA13E25-643B-4D42-8E3A-4B4F85752AC8}"
EndProject
Project("{2150E333-8FDC-42A3-9474-1A3956D46DE8}") = "066", "066", "{40757A5A-8617-4EBB-B2C4-B88AF62127A2}"
EndProject
Project("{8BC9CEB8-8B4A-11D0-8D11-00A0C91BC942}") = "TargetImport", "066\TargetImport\TargetImport.vcxproj", "{32C370A5-3CBB-410F-A9AA-E45AA8ABCE34}"
EndProject
Project("{8BC9CEB8-8B4A-11D0-8D11-00A0C91BC942}") = "OsgTool", "OsgTool\OsgTool.vcxproj", "{63B90175-2399-4319-A593-20D608C7128C}"
EndProject
Global
	GlobalSection(SolutionConfigurationPlatforms) = preSolution
		Debug|Any CPU = Debug|Any CPU
		Debug|Mixed Platforms = Debug|Mixed Platforms
		Debug|Win32 = Debug|Win32
		DebugDll|Any CPU = DebugDll|Any CPU
		DebugDll|Mixed Platforms = DebugDll|Mixed Platforms
		DebugDll|Win32 = DebugDll|Win32
		Release|Any CPU = Release|Any CPU
		Release|Mixed Platforms = Release|Mixed Platforms
		Release|Win32 = Release|Win32
		ReleaseDll|Any CPU = ReleaseDll|Any CPU
		ReleaseDll|Mixed Platforms = ReleaseDll|Mixed Platforms
		ReleaseDll|Win32 = ReleaseDll|Win32
		Template|Any CPU = Template|Any CPU
		Template|Mixed Platforms = Template|Mixed Platforms
		Template|Win32 = Template|Win32
	EndGlobalSection
	GlobalSection(ProjectConfigurationPlatforms) = postSolution
		{06486BED-6864-4B62-9DCC-978C57EF5D07}.Debug|Any CPU.ActiveCfg = Debug|Win32
		{06486BED-6864-4B62-9DCC-978C57EF5D07}.Debug|Mixed Platforms.ActiveCfg = Debug|Win32
		{06486BED-6864-4B62-9DCC-978C57EF5D07}.Debug|Mixed Platforms.Build.0 = Debug|Win32
		{06486BED-6864-4B62-9DCC-978C57EF5D07}.Debug|Win32.ActiveCfg = Debug|Win32
		{06486BED-6864-4B62-9DCC-978C57EF5D07}.Debug|Win32.Build.0 = Debug|Win32
		{06486BED-6864-4B62-9DCC-978C57EF5D07}.DebugDll|Any CPU.ActiveCfg = Debug|Win32
		{06486BED-6864-4B62-9DCC-978C57EF5D07}.DebugDll|Mixed Platforms.ActiveCfg = Debug|Win32
		{06486BED-6864-4B62-9DCC-978C57EF5D07}.DebugDll|Mixed Platforms.Build.0 = Debug|Win32
		{06486BED-6864-4B62-9DCC-978C57EF5D07}.DebugDll|Win32.ActiveCfg = Debug|Win32
		{06486BED-6864-4B62-9DCC-978C57EF5D07}.DebugDll|Win32.Build.0 = Debug|Win32
		{06486BED-6864-4B62-9DCC-978C57EF5D07}.Release|Any CPU.ActiveCfg = Release|Win32
		{06486BED-6864-4B62-9DCC-978C57EF5D07}.Release|Mixed Platforms.ActiveCfg = Release|Win32
		{06486BED-6864-4B62-9DCC-978C57EF5D07}.Release|Mixed Platforms.Build.0 = Release|Win32
		{06486BED-6864-4B62-9DCC-978C57EF5D07}.Release|Win32.ActiveCfg = Release|Win32
		{06486BED-6864-4B62-9DCC-978C57EF5D07}.Release|Win32.Build.0 = Release|Win32
		{06486BED-6864-4B62-9DCC-978C57EF5D07}.ReleaseDll|Any CPU.ActiveCfg = Release|Win32
		{06486BED-6864-4B62-9DCC-978C57EF5D07}.ReleaseDll|Mixed Platforms.ActiveCfg = Release|Win32
		{06486BED-6864-4B62-9DCC-978C57EF5D07}.ReleaseDll|Mixed Platforms.Build.0 = Release|Win32
		{06486BED-6864-4B62-9DCC-978C57EF5D07}.ReleaseDll|Win32.ActiveCfg = Release|Win32
		{06486BED-6864-4B62-9DCC-978C57EF5D07}.ReleaseDll|Win32.Build.0 = Release|Win32
		{06486BED-6864-4B62-9DCC-978C57EF5D07}.Template|Any CPU.ActiveCfg = Release|Win32
		{06486BED-6864-4B62-9DCC-978C57EF5D07}.Template|Mixed Platforms.ActiveCfg = Release|Win32
		{06486BED-6864-4B62-9DCC-978C57EF5D07}.Template|Mixed Platforms.Build.0 = Release|Win32
		{06486BED-6864-4B62-9DCC-978C57EF5D07}.Template|Win32.ActiveCfg = Release|Win32
		{06486BED-6864-4B62-9DCC-978C57EF5D07}.Template|Win32.Build.0 = Release|Win32
		{5F2D4540-93FB-41F1-93DD-9264BA7F1621}.Debug|Any CPU.ActiveCfg = Debug|Win32
		{5F2D4540-93FB-41F1-93DD-9264BA7F1621}.Debug|Mixed Platforms.ActiveCfg = Debug|Win32
		{5F2D4540-93FB-41F1-93DD-9264BA7F1621}.Debug|Mixed Platforms.Build.0 = Debug|Win32
		{5F2D4540-93FB-41F1-93DD-9264BA7F1621}.Debug|Win32.ActiveCfg = Debug|Win32
		{5F2D4540-93FB-41F1-93DD-9264BA7F1621}.Debug|Win32.Build.0 = Debug|Win32
		{5F2D4540-93FB-41F1-93DD-9264BA7F1621}.DebugDll|Any CPU.ActiveCfg = Debug|Win32
		{5F2D4540-93FB-41F1-93DD-9264BA7F1621}.DebugDll|Mixed Platforms.ActiveCfg = Debug|Win32
		{5F2D4540-93FB-41F1-93DD-9264BA7F1621}.DebugDll|Mixed Platforms.Build.0 = Debug|Win32
		{5F2D4540-93FB-41F1-93DD-9264BA7F1621}.DebugDll|Win32.ActiveCfg = Debug|Win32
		{5F2D4540-93FB-41F1-93DD-9264BA7F1621}.DebugDll|Win32.Build.0 = Debug|Win32
		{5F2D4540-93FB-41F1-93DD-9264BA7F1621}.Release|Any CPU.ActiveCfg = Release|Win32
		{5F2D4540-93FB-41F1-93DD-9264BA7F1621}.Release|Mixed Platforms.ActiveCfg = Release|Win32
		{5F2D4540-93FB-41F1-93DD-9264BA7F1621}.Release|Mixed Platforms.Build.0 = Release|Win32
		{5F2D4540-93FB-41F1-93DD-9264BA7F1621}.Release|Win32.ActiveCfg = Release|Win32
		{5F2D4540-93FB-41F1-93DD-9264BA7F1621}.Release|Win32.Build.0 = Release|Win32
		{5F2D4540-93FB-41F1-93DD-9264BA7F1621}.ReleaseDll|Any CPU.ActiveCfg = Release|Win32
		{5F2D4540-93FB-41F1-93DD-9264BA7F1621}.ReleaseDll|Mixed Platforms.ActiveCfg = Release|Win32
		{5F2D4540-93FB-41F1-93DD-9264BA7F1621}.ReleaseDll|Mixed Platforms.Build.0 = Release|Win32
		{5F2D4540-93FB-41F1-93DD-9264BA7F1621}.ReleaseDll|Win32.ActiveCfg = Release|Win32
		{5F2D4540-93FB-41F1-93DD-9264BA7F1621}.ReleaseDll|Win32.Build.0 = Release|Win32
		{5F2D4540-93FB-41F1-93DD-9264BA7F1621}.Template|Any CPU.ActiveCfg = Release|Win32
		{5F2D4540-93FB-41F1-93DD-9264BA7F1621}.Template|Mixed Platforms.ActiveCfg = Release|Win32
		{5F2D4540-93FB-41F1-93DD-9264BA7F1621}.Template|Mixed Platforms.Build.0 = Release|Win32
		{5F2D4540-93FB-41F1-93DD-9264BA7F1621}.Template|Win32.ActiveCfg = Release|Win32
		{5F2D4540-93FB-41F1-93DD-9264BA7F1621}.Template|Win32.Build.0 = Release|Win32
		{CB57C178-E953-4AE5-9B65-46D268DB49B0}.Debug|Any CPU.ActiveCfg = Debug|Win32
		{CB57C178-E953-4AE5-9B65-46D268DB49B0}.Debug|Mixed Platforms.ActiveCfg = Debug|Win32
		{CB57C178-E953-4AE5-9B65-46D268DB49B0}.Debug|Mixed Platforms.Build.0 = Debug|Win32
		{CB57C178-E953-4AE5-9B65-46D268DB49B0}.Debug|Win32.ActiveCfg = Debug|Win32
		{CB57C178-E953-4AE5-9B65-46D268DB49B0}.Debug|Win32.Build.0 = Debug|Win32
		{CB57C178-E953-4AE5-9B65-46D268DB49B0}.DebugDll|Any CPU.ActiveCfg = Debug|Win32
		{CB57C178-E953-4AE5-9B65-46D268DB49B0}.DebugDll|Mixed Platforms.ActiveCfg = Debug|Win32
		{CB57C178-E953-4AE5-9B65-46D268DB49B0}.DebugDll|Mixed Platforms.Build.0 = Debug|Win32
		{CB57C178-E953-4AE5-9B65-46D268DB49B0}.DebugDll|Win32.ActiveCfg = Debug|Win32
		{CB57C178-E953-4AE5-9B65-46D268DB49B0}.DebugDll|Win32.Build.0 = Debug|Win32
		{CB57C178-E953-4AE5-9B65-46D268DB49B0}.Release|Any CPU.ActiveCfg = Release|Win32
		{CB57C178-E953-4AE5-9B65-46D268DB49B0}.Release|Mixed Platforms.ActiveCfg = Release|Win32
		{CB57C178-E953-4AE5-9B65-46D268DB49B0}.Release|Mixed Platforms.Build.0 = Release|Win32
		{CB57C178-E953-4AE5-9B65-46D268DB49B0}.Release|Win32.ActiveCfg = Release|Win32
		{CB57C178-E953-4AE5-9B65-46D268DB49B0}.Release|Win32.Build.0 = Release|Win32
		{CB57C178-E953-4AE5-9B65-46D268DB49B0}.ReleaseDll|Any CPU.ActiveCfg = Release|Win32
		{CB57C178-E953-4AE5-9B65-46D268DB49B0}.ReleaseDll|Mixed Platforms.ActiveCfg = Release|Win32
		{CB57C178-E953-4AE5-9B65-46D268DB49B0}.ReleaseDll|Mixed Platforms.Build.0 = Release|Win32
		{CB57C178-E953-4AE5-9B65-46D268DB49B0}.ReleaseDll|Win32.ActiveCfg = Release|Win32
		{CB57C178-E953-4AE5-9B65-46D268DB49B0}.ReleaseDll|Win32.Build.0 = Release|Win32
		{CB57C178-E953-4AE5-9B65-46D268DB49B0}.Template|Any CPU.ActiveCfg = Release|Win32
		{CB57C178-E953-4AE5-9B65-46D268DB49B0}.Template|Mixed Platforms.ActiveCfg = Release|Win32
		{CB57C178-E953-4AE5-9B65-46D268DB49B0}.Template|Mixed Platforms.Build.0 = Release|Win32
		{CB57C178-E953-4AE5-9B65-46D268DB49B0}.Template|Win32.ActiveCfg = Release|Win32
		{CB57C178-E953-4AE5-9B65-46D268DB49B0}.Template|Win32.Build.0 = Release|Win32
		{96AE70C7-52D3-44E7-AAF8-F1300DFDC89C}.Debug|Any CPU.ActiveCfg = Debug|Win32
		{96AE70C7-52D3-44E7-AAF8-F1300DFDC89C}.Debug|Mixed Platforms.ActiveCfg = Debug|Win32
		{96AE70C7-52D3-44E7-AAF8-F1300DFDC89C}.Debug|Win32.ActiveCfg = Debug|Win32
		{96AE70C7-52D3-44E7-AAF8-F1300DFDC89C}.Debug|Win32.Build.0 = Debug|Win32
		{96AE70C7-52D3-44E7-AAF8-F1300DFDC89C}.DebugDll|Any CPU.ActiveCfg = Debug|Win32
		{96AE70C7-52D3-44E7-AAF8-F1300DFDC89C}.DebugDll|Mixed Platforms.ActiveCfg = Debug|Win32
		{96AE70C7-52D3-44E7-AAF8-F1300DFDC89C}.DebugDll|Win32.ActiveCfg = Debug|Win32
		{96AE70C7-52D3-44E7-AAF8-F1300DFDC89C}.Release|Any CPU.ActiveCfg = Release|Win32
		{96AE70C7-52D3-44E7-AAF8-F1300DFDC89C}.Release|Mixed Platforms.ActiveCfg = Release|Win32
		{96AE70C7-52D3-44E7-AAF8-F1300DFDC89C}.Release|Win32.ActiveCfg = Release|Win32
		{96AE70C7-52D3-44E7-AAF8-F1300DFDC89C}.Release|Win32.Build.0 = Release|Win32
		{96AE70C7-52D3-44E7-AAF8-F1300DFDC89C}.ReleaseDll|Any CPU.ActiveCfg = Release|Win32
		{96AE70C7-52D3-44E7-AAF8-F1300DFDC89C}.ReleaseDll|Mixed Platforms.ActiveCfg = Release|Win32
		{96AE70C7-52D3-44E7-AAF8-F1300DFDC89C}.ReleaseDll|Win32.ActiveCfg = Release|Win32
		{96AE70C7-52D3-44E7-AAF8-F1300DFDC89C}.Template|Any CPU.ActiveCfg = Release|Win32
		{96AE70C7-52D3-44E7-AAF8-F1300DFDC89C}.Template|Mixed Platforms.ActiveCfg = Release|Win32
		{96AE70C7-52D3-44E7-AAF8-F1300DFDC89C}.Template|Win32.ActiveCfg = Release|Win32
		{8BC09C68-9251-413D-8CA0-E9EDE4E425F5}.Debug|Any CPU.ActiveCfg = Debug|Win32
		{8BC09C68-9251-413D-8CA0-E9EDE4E425F5}.Debug|Mixed Platforms.ActiveCfg = Debug|Win32
		{8BC09C68-9251-413D-8CA0-E9EDE4E425F5}.Debug|Mixed Platforms.Build.0 = Debug|Win32
		{8BC09C68-9251-413D-8CA0-E9EDE4E425F5}.Debug|Win32.ActiveCfg = Debug|Win32
		{8BC09C68-9251-413D-8CA0-E9EDE4E425F5}.Debug|Win32.Build.0 = Debug|Win32
		{8BC09C68-9251-413D-8CA0-E9EDE4E425F5}.DebugDll|Any CPU.ActiveCfg = Debug|Win32
		{8BC09C68-9251-413D-8CA0-E9EDE4E425F5}.DebugDll|Mixed Platforms.ActiveCfg = Debug|Win32
		{8BC09C68-9251-413D-8CA0-E9EDE4E425F5}.DebugDll|Mixed Platforms.Build.0 = Debug|Win32
		{8BC09C68-9251-413D-8CA0-E9EDE4E425F5}.DebugDll|Win32.ActiveCfg = Debug|Win32
		{8BC09C68-9251-413D-8CA0-E9EDE4E425F5}.DebugDll|Win32.Build.0 = Debug|Win32
		{8BC09C68-9251-413D-8CA0-E9EDE4E425F5}.Release|Any CPU.ActiveCfg = Release|Win32
		{8BC09C68-9251-413D-8CA0-E9EDE4E425F5}.Release|Mixed Platforms.ActiveCfg = Release|Win32
		{8BC09C68-9251-413D-8CA0-E9EDE4E425F5}.Release|Mixed Platforms.Build.0 = Release|Win32
		{8BC09C68-9251-413D-8CA0-E9EDE4E425F5}.Release|Win32.ActiveCfg = Release|Win32
		{8BC09C68-9251-413D-8CA0-E9EDE4E425F5}.Release|Win32.Build.0 = Release|Win32
		{8BC09C68-9251-413D-8CA0-E9EDE4E425F5}.ReleaseDll|Any CPU.ActiveCfg = Release|Win32
		{8BC09C68-9251-413D-8CA0-E9EDE4E425F5}.ReleaseDll|Mixed Platforms.ActiveCfg = Release|Win32
		{8BC09C68-9251-413D-8CA0-E9EDE4E425F5}.ReleaseDll|Mixed Platforms.Build.0 = Release|Win32
		{8BC09C68-9251-413D-8CA0-E9EDE4E425F5}.ReleaseDll|Win32.ActiveCfg = Release|Win32
		{8BC09C68-9251-413D-8CA0-E9EDE4E425F5}.ReleaseDll|Win32.Build.0 = Release|Win32
		{8BC09C68-9251-413D-8CA0-E9EDE4E425F5}.Template|Any CPU.ActiveCfg = Release|Win32
		{8BC09C68-9251-413D-8CA0-E9EDE4E425F5}.Template|Mixed Platforms.ActiveCfg = Release|Win32
		{8BC09C68-9251-413D-8CA0-E9EDE4E425F5}.Template|Mixed Platforms.Build.0 = Release|Win32
		{8BC09C68-9251-413D-8CA0-E9EDE4E425F5}.Template|Win32.ActiveCfg = Release|Win32
		{8BC09C68-9251-413D-8CA0-E9EDE4E425F5}.Template|Win32.Build.0 = Release|Win32
		{A065601D-C82F-4DDF-AC0A-D546474985E7}.Debug|Any CPU.ActiveCfg = Debug|Win32
		{A065601D-C82F-4DDF-AC0A-D546474985E7}.Debug|Mixed Platforms.ActiveCfg = Debug|Win32
		{A065601D-C82F-4DDF-AC0A-D546474985E7}.Debug|Mixed Platforms.Build.0 = Debug|Win32
		{A065601D-C82F-4DDF-AC0A-D546474985E7}.Debug|Win32.ActiveCfg = Debug|Win32
		{A065601D-C82F-4DDF-AC0A-D546474985E7}.Debug|Win32.Build.0 = Debug|Win32
		{A065601D-C82F-4DDF-AC0A-D546474985E7}.DebugDll|Any CPU.ActiveCfg = Debug|Win32
		{A065601D-C82F-4DDF-AC0A-D546474985E7}.DebugDll|Mixed Platforms.ActiveCfg = Debug|Win32
		{A065601D-C82F-4DDF-AC0A-D546474985E7}.DebugDll|Mixed Platforms.Build.0 = Debug|Win32
		{A065601D-C82F-4DDF-AC0A-D546474985E7}.DebugDll|Win32.ActiveCfg = Debug|Win32
		{A065601D-C82F-4DDF-AC0A-D546474985E7}.DebugDll|Win32.Build.0 = Debug|Win32
		{A065601D-C82F-4DDF-AC0A-D546474985E7}.Release|Any CPU.ActiveCfg = Release|Win32
		{A065601D-C82F-4DDF-AC0A-D546474985E7}.Release|Mixed Platforms.ActiveCfg = Release|Win32
		{A065601D-C82F-4DDF-AC0A-D546474985E7}.Release|Mixed Platforms.Build.0 = Release|Win32
		{A065601D-C82F-4DDF-AC0A-D546474985E7}.Release|Win32.ActiveCfg = Release|Win32
		{A065601D-C82F-4DDF-AC0A-D546474985E7}.Release|Win32.Build.0 = Release|Win32
		{A065601D-C82F-4DDF-AC0A-D546474985E7}.ReleaseDll|Any CPU.ActiveCfg = Release|Win32
		{A065601D-C82F-4DDF-AC0A-D546474985E7}.ReleaseDll|Mixed Platforms.ActiveCfg = Release|Win32
		{A065601D-C82F-4DDF-AC0A-D546474985E7}.ReleaseDll|Mixed Platforms.Build.0 = Release|Win32
		{A065601D-C82F-4DDF-AC0A-D546474985E7}.ReleaseDll|Win32.ActiveCfg = Release|Win32
		{A065601D-C82F-4DDF-AC0A-D546474985E7}.ReleaseDll|Win32.Build.0 = Release|Win32
		{A065601D-C82F-4DDF-AC0A-D546474985E7}.Template|Any CPU.ActiveCfg = Release|Win32
		{A065601D-C82F-4DDF-AC0A-D546474985E7}.Template|Mixed Platforms.ActiveCfg = Release|Win32
		{A065601D-C82F-4DDF-AC0A-D546474985E7}.Template|Mixed Platforms.Build.0 = Release|Win32
		{A065601D-C82F-4DDF-AC0A-D546474985E7}.Template|Win32.ActiveCfg = Release|Win32
		{A065601D-C82F-4DDF-AC0A-D546474985E7}.Template|Win32.Build.0 = Release|Win32
		{090D4EA6-17E5-4F6C-A336-A2D370FDE87E}.Debug|Any CPU.ActiveCfg = Debug|Win32
		{090D4EA6-17E5-4F6C-A336-A2D370FDE87E}.Debug|Mixed Platforms.ActiveCfg = Debug|Win32
		{090D4EA6-17E5-4F6C-A336-A2D370FDE87E}.Debug|Mixed Platforms.Build.0 = Debug|Win32
		{090D4EA6-17E5-4F6C-A336-A2D370FDE87E}.Debug|Win32.ActiveCfg = Debug|Win32
		{090D4EA6-17E5-4F6C-A336-A2D370FDE87E}.Debug|Win32.Build.0 = Debug|Win32
		{090D4EA6-17E5-4F6C-A336-A2D370FDE87E}.DebugDll|Any CPU.ActiveCfg = Debug|Win32
		{090D4EA6-17E5-4F6C-A336-A2D370FDE87E}.DebugDll|Mixed Platforms.ActiveCfg = Debug|Win32
		{090D4EA6-17E5-4F6C-A336-A2D370FDE87E}.DebugDll|Mixed Platforms.Build.0 = Debug|Win32
		{090D4EA6-17E5-4F6C-A336-A2D370FDE87E}.DebugDll|Win32.ActiveCfg = Debug|Win32
		{090D4EA6-17E5-4F6C-A336-A2D370FDE87E}.DebugDll|Win32.Build.0 = Debug|Win32
		{090D4EA6-17E5-4F6C-A336-A2D370FDE87E}.Release|Any CPU.ActiveCfg = Release|Win32
		{090D4EA6-17E5-4F6C-A336-A2D370FDE87E}.Release|Mixed Platforms.ActiveCfg = Release|Win32
		{090D4EA6-17E5-4F6C-A336-A2D370FDE87E}.Release|Mixed Platforms.Build.0 = Release|Win32
		{090D4EA6-17E5-4F6C-A336-A2D370FDE87E}.Release|Win32.ActiveCfg = Release|Win32
		{090D4EA6-17E5-4F6C-A336-A2D370FDE87E}.Release|Win32.Build.0 = Release|Win32
		{090D4EA6-17E5-4F6C-A336-A2D370FDE87E}.ReleaseDll|Any CPU.ActiveCfg = Release|Win32
		{090D4EA6-17E5-4F6C-A336-A2D370FDE87E}.ReleaseDll|Mixed Platforms.ActiveCfg = Release|Win32
		{090D4EA6-17E5-4F6C-A336-A2D370FDE87E}.ReleaseDll|Mixed Platforms.Build.0 = Release|Win32
		{090D4EA6-17E5-4F6C-A336-A2D370FDE87E}.ReleaseDll|Win32.ActiveCfg = Release|Win32
		{090D4EA6-17E5-4F6C-A336-A2D370FDE87E}.ReleaseDll|Win32.Build.0 = Release|Win32
		{090D4EA6-17E5-4F6C-A336-A2D370FDE87E}.Template|Any CPU.ActiveCfg = Release|Win32
		{090D4EA6-17E5-4F6C-A336-A2D370FDE87E}.Template|Mixed Platforms.ActiveCfg = Release|Win32
		{090D4EA6-17E5-4F6C-A336-A2D370FDE87E}.Template|Mixed Platforms.Build.0 = Release|Win32
		{090D4EA6-17E5-4F6C-A336-A2D370FDE87E}.Template|Win32.ActiveCfg = Release|Win32
		{090D4EA6-17E5-4F6C-A336-A2D370FDE87E}.Template|Win32.Build.0 = Release|Win32
		{A4F58387-FCAD-472C-BF7F-7D14F21BE2A0}.Debug|Any CPU.ActiveCfg = Debug|Win32
		{A4F58387-FCAD-472C-BF7F-7D14F21BE2A0}.Debug|Mixed Platforms.ActiveCfg = Debug|Win32
		{A4F58387-FCAD-472C-BF7F-7D14F21BE2A0}.Debug|Mixed Platforms.Build.0 = Debug|Win32
		{A4F58387-FCAD-472C-BF7F-7D14F21BE2A0}.Debug|Win32.ActiveCfg = Debug|Win32
		{A4F58387-FCAD-472C-BF7F-7D14F21BE2A0}.Debug|Win32.Build.0 = Debug|Win32
		{A4F58387-FCAD-472C-BF7F-7D14F21BE2A0}.DebugDll|Any CPU.ActiveCfg = Debug|Win32
		{A4F58387-FCAD-472C-BF7F-7D14F21BE2A0}.DebugDll|Mixed Platforms.ActiveCfg = Debug|Win32
		{A4F58387-FCAD-472C-BF7F-7D14F21BE2A0}.DebugDll|Mixed Platforms.Build.0 = Debug|Win32
		{A4F58387-FCAD-472C-BF7F-7D14F21BE2A0}.DebugDll|Win32.ActiveCfg = Debug|Win32
		{A4F58387-FCAD-472C-BF7F-7D14F21BE2A0}.DebugDll|Win32.Build.0 = Debug|Win32
		{A4F58387-FCAD-472C-BF7F-7D14F21BE2A0}.Release|Any CPU.ActiveCfg = Release|Win32
		{A4F58387-FCAD-472C-BF7F-7D14F21BE2A0}.Release|Mixed Platforms.ActiveCfg = Release|Win32
		{A4F58387-FCAD-472C-BF7F-7D14F21BE2A0}.Release|Mixed Platforms.Build.0 = Release|Win32
		{A4F58387-FCAD-472C-BF7F-7D14F21BE2A0}.Release|Win32.ActiveCfg = Release|Win32
		{A4F58387-FCAD-472C-BF7F-7D14F21BE2A0}.Release|Win32.Build.0 = Release|Win32
		{A4F58387-FCAD-472C-BF7F-7D14F21BE2A0}.ReleaseDll|Any CPU.ActiveCfg = Release|Win32
		{A4F58387-FCAD-472C-BF7F-7D14F21BE2A0}.ReleaseDll|Mixed Platforms.ActiveCfg = Release|Win32
		{A4F58387-FCAD-472C-BF7F-7D14F21BE2A0}.ReleaseDll|Mixed Platforms.Build.0 = Release|Win32
		{A4F58387-FCAD-472C-BF7F-7D14F21BE2A0}.ReleaseDll|Win32.ActiveCfg = Release|Win32
		{A4F58387-FCAD-472C-BF7F-7D14F21BE2A0}.ReleaseDll|Win32.Build.0 = Release|Win32
		{A4F58387-FCAD-472C-BF7F-7D14F21BE2A0}.Template|Any CPU.ActiveCfg = Release|Win32
		{A4F58387-FCAD-472C-BF7F-7D14F21BE2A0}.Template|Mixed Platforms.ActiveCfg = Release|Win32
		{A4F58387-FCAD-472C-BF7F-7D14F21BE2A0}.Template|Mixed Platforms.Build.0 = Release|Win32
		{A4F58387-FCAD-472C-BF7F-7D14F21BE2A0}.Template|Win32.ActiveCfg = Release|Win32
		{A4F58387-FCAD-472C-BF7F-7D14F21BE2A0}.Template|Win32.Build.0 = Release|Win32
		{3D039D88-BAC6-4526-A291-53EE49304EAA}.Debug|Any CPU.ActiveCfg = Debug|Win32
		{3D039D88-BAC6-4526-A291-53EE49304EAA}.Debug|Mixed Platforms.ActiveCfg = Debug|Win32
		{3D039D88-BAC6-4526-A291-53EE49304EAA}.Debug|Mixed Platforms.Build.0 = Debug|Win32
		{3D039D88-BAC6-4526-A291-53EE49304EAA}.Debug|Win32.ActiveCfg = Debug|Win32
		{3D039D88-BAC6-4526-A291-53EE49304EAA}.Debug|Win32.Build.0 = Debug|Win32
		{3D039D88-BAC6-4526-A291-53EE49304EAA}.DebugDll|Any CPU.ActiveCfg = Debug|Win32
		{3D039D88-BAC6-4526-A291-53EE49304EAA}.DebugDll|Mixed Platforms.ActiveCfg = Debug|Win32
		{3D039D88-BAC6-4526-A291-53EE49304EAA}.DebugDll|Mixed Platforms.Build.0 = Debug|Win32
		{3D039D88-BAC6-4526-A291-53EE49304EAA}.DebugDll|Win32.ActiveCfg = Debug|Win32
		{3D039D88-BAC6-4526-A291-53EE49304EAA}.DebugDll|Win32.Build.0 = Debug|Win32
		{3D039D88-BAC6-4526-A291-53EE49304EAA}.Release|Any CPU.ActiveCfg = Release|Win32
		{3D039D88-BAC6-4526-A291-53EE49304EAA}.Release|Mixed Platforms.ActiveCfg = Release|Win32
		{3D039D88-BAC6-4526-A291-53EE49304EAA}.Release|Mixed Platforms.Build.0 = Release|Win32
		{3D039D88-BAC6-4526-A291-53EE49304EAA}.Release|Win32.ActiveCfg = Release|Win32
		{3D039D88-BAC6-4526-A291-53EE49304EAA}.Release|Win32.Build.0 = Release|Win32
		{3D039D88-BAC6-4526-A291-53EE49304EAA}.ReleaseDll|Any CPU.ActiveCfg = Release|Win32
		{3D039D88-BAC6-4526-A291-53EE49304EAA}.ReleaseDll|Mixed Platforms.ActiveCfg = Release|Win32
		{3D039D88-BAC6-4526-A291-53EE49304EAA}.ReleaseDll|Mixed Platforms.Build.0 = Release|Win32
		{3D039D88-BAC6-4526-A291-53EE49304EAA}.ReleaseDll|Win32.ActiveCfg = Release|Win32
		{3D039D88-BAC6-4526-A291-53EE49304EAA}.ReleaseDll|Win32.Build.0 = Release|Win32
		{3D039D88-BAC6-4526-A291-53EE49304EAA}.Template|Any CPU.ActiveCfg = Release|Win32
		{3D039D88-BAC6-4526-A291-53EE49304EAA}.Template|Mixed Platforms.ActiveCfg = Release|Win32
		{3D039D88-BAC6-4526-A291-53EE49304EAA}.Template|Mixed Platforms.Build.0 = Release|Win32
		{3D039D88-BAC6-4526-A291-53EE49304EAA}.Template|Win32.ActiveCfg = Release|Win32
		{3D039D88-BAC6-4526-A291-53EE49304EAA}.Template|Win32.Build.0 = Release|Win32
		{8D8FFCC4-7A95-46C9-ADA0-B95F97866A7C}.Debug|Any CPU.ActiveCfg = Debug|Win32
		{8D8FFCC4-7A95-46C9-ADA0-B95F97866A7C}.Debug|Mixed Platforms.ActiveCfg = Debug|Win32
		{8D8FFCC4-7A95-46C9-ADA0-B95F97866A7C}.Debug|Mixed Platforms.Build.0 = Debug|Win32
		{8D8FFCC4-7A95-46C9-ADA0-B95F97866A7C}.Debug|Win32.ActiveCfg = Debug|Win32
		{8D8FFCC4-7A95-46C9-ADA0-B95F97866A7C}.Debug|Win32.Build.0 = Debug|Win32
		{8D8FFCC4-7A95-46C9-ADA0-B95F97866A7C}.DebugDll|Any CPU.ActiveCfg = Debug|Win32
		{8D8FFCC4-7A95-46C9-ADA0-B95F97866A7C}.DebugDll|Mixed Platforms.ActiveCfg = Debug|Win32
		{8D8FFCC4-7A95-46C9-ADA0-B95F97866A7C}.DebugDll|Mixed Platforms.Build.0 = Debug|Win32
		{8D8FFCC4-7A95-46C9-ADA0-B95F97866A7C}.DebugDll|Win32.ActiveCfg = Debug|Win32
		{8D8FFCC4-7A95-46C9-ADA0-B95F97866A7C}.DebugDll|Win32.Build.0 = Debug|Win32
		{8D8FFCC4-7A95-46C9-ADA0-B95F97866A7C}.Release|Any CPU.ActiveCfg = Release|Win32
		{8D8FFCC4-7A95-46C9-ADA0-B95F97866A7C}.Release|Mixed Platforms.ActiveCfg = Release|Win32
		{8D8FFCC4-7A95-46C9-ADA0-B95F97866A7C}.Release|Mixed Platforms.Build.0 = Release|Win32
		{8D8FFCC4-7A95-46C9-ADA0-B95F97866A7C}.Release|Win32.ActiveCfg = Release|Win32
		{8D8FFCC4-7A95-46C9-ADA0-B95F97866A7C}.Release|Win32.Build.0 = Release|Win32
		{8D8FFCC4-7A95-46C9-ADA0-B95F97866A7C}.ReleaseDll|Any CPU.ActiveCfg = Release|Win32
		{8D8FFCC4-7A95-46C9-ADA0-B95F97866A7C}.ReleaseDll|Mixed Platforms.ActiveCfg = Release|Win32
		{8D8FFCC4-7A95-46C9-ADA0-B95F97866A7C}.ReleaseDll|Mixed Platforms.Build.0 = Release|Win32
		{8D8FFCC4-7A95-46C9-ADA0-B95F97866A7C}.ReleaseDll|Win32.ActiveCfg = Release|Win32
		{8D8FFCC4-7A95-46C9-ADA0-B95F97866A7C}.ReleaseDll|Win32.Build.0 = Release|Win32
		{8D8FFCC4-7A95-46C9-ADA0-B95F97866A7C}.Template|Any CPU.ActiveCfg = Release|Win32
		{8D8FFCC4-7A95-46C9-ADA0-B95F97866A7C}.Template|Mixed Platforms.ActiveCfg = Release|Win32
		{8D8FFCC4-7A95-46C9-ADA0-B95F97866A7C}.Template|Mixed Platforms.Build.0 = Release|Win32
		{8D8FFCC4-7A95-46C9-ADA0-B95F97866A7C}.Template|Win32.ActiveCfg = Release|Win32
		{8D8FFCC4-7A95-46C9-ADA0-B95F97866A7C}.Template|Win32.Build.0 = Release|Win32
		{CA8C9086-83B0-401D-AB30-1BD33C7362EA}.Debug|Any CPU.ActiveCfg = Debug|Win32
		{CA8C9086-83B0-401D-AB30-1BD33C7362EA}.Debug|Mixed Platforms.ActiveCfg = Debug|Win32
		{CA8C9086-83B0-401D-AB30-1BD33C7362EA}.Debug|Mixed Platforms.Build.0 = Debug|Win32
		{CA8C9086-83B0-401D-AB30-1BD33C7362EA}.Debug|Win32.ActiveCfg = Debug|Win32
		{CA8C9086-83B0-401D-AB30-1BD33C7362EA}.Debug|Win32.Build.0 = Debug|Win32
		{CA8C9086-83B0-401D-AB30-1BD33C7362EA}.DebugDll|Any CPU.ActiveCfg = Debug|Win32
		{CA8C9086-83B0-401D-AB30-1BD33C7362EA}.DebugDll|Mixed Platforms.ActiveCfg = Debug|Win32
		{CA8C9086-83B0-401D-AB30-1BD33C7362EA}.DebugDll|Mixed Platforms.Build.0 = Debug|Win32
		{CA8C9086-83B0-401D-AB30-1BD33C7362EA}.DebugDll|Win32.ActiveCfg = Debug|Win32
		{CA8C9086-83B0-401D-AB30-1BD33C7362EA}.DebugDll|Win32.Build.0 = Debug|Win32
		{CA8C9086-83B0-401D-AB30-1BD33C7362EA}.Release|Any CPU.ActiveCfg = Release|Win32
		{CA8C9086-83B0-401D-AB30-1BD33C7362EA}.Release|Mixed Platforms.ActiveCfg = Release|Win32
		{CA8C9086-83B0-401D-AB30-1BD33C7362EA}.Release|Mixed Platforms.Build.0 = Release|Win32
		{CA8C9086-83B0-401D-AB30-1BD33C7362EA}.Release|Win32.ActiveCfg = Release|Win32
		{CA8C9086-83B0-401D-AB30-1BD33C7362EA}.Release|Win32.Build.0 = Release|Win32
		{CA8C9086-83B0-401D-AB30-1BD33C7362EA}.ReleaseDll|Any CPU.ActiveCfg = Release|Win32
		{CA8C9086-83B0-401D-AB30-1BD33C7362EA}.ReleaseDll|Mixed Platforms.ActiveCfg = Release|Win32
		{CA8C9086-83B0-401D-AB30-1BD33C7362EA}.ReleaseDll|Mixed Platforms.Build.0 = Release|Win32
		{CA8C9086-83B0-401D-AB30-1BD33C7362EA}.ReleaseDll|Win32.ActiveCfg = Release|Win32
		{CA8C9086-83B0-401D-AB30-1BD33C7362EA}.ReleaseDll|Win32.Build.0 = Release|Win32
		{CA8C9086-83B0-401D-AB30-1BD33C7362EA}.Template|Any CPU.ActiveCfg = Release|Win32
		{CA8C9086-83B0-401D-AB30-1BD33C7362EA}.Template|Mixed Platforms.ActiveCfg = Release|Win32
		{CA8C9086-83B0-401D-AB30-1BD33C7362EA}.Template|Mixed Platforms.Build.0 = Release|Win32
		{CA8C9086-83B0-401D-AB30-1BD33C7362EA}.Template|Win32.ActiveCfg = Release|Win32
		{CA8C9086-83B0-401D-AB30-1BD33C7362EA}.Template|Win32.Build.0 = Release|Win32
		{C1589DFD-782C-4ED0-8970-178D4BFACC51}.Debug|Any CPU.ActiveCfg = Debug|Win32
		{C1589DFD-782C-4ED0-8970-178D4BFACC51}.Debug|Mixed Platforms.ActiveCfg = Debug|Win32
		{C1589DFD-782C-4ED0-8970-178D4BFACC51}.Debug|Mixed Platforms.Build.0 = Debug|Win32
		{C1589DFD-782C-4ED0-8970-178D4BFACC51}.Debug|Win32.ActiveCfg = Debug|Win32
		{C1589DFD-782C-4ED0-8970-178D4BFACC51}.Debug|Win32.Build.0 = Debug|Win32
		{C1589DFD-782C-4ED0-8970-178D4BFACC51}.DebugDll|Any CPU.ActiveCfg = Debug|Win32
		{C1589DFD-782C-4ED0-8970-178D4BFACC51}.DebugDll|Mixed Platforms.ActiveCfg = Debug|Win32
		{C1589DFD-782C-4ED0-8970-178D4BFACC51}.DebugDll|Mixed Platforms.Build.0 = Debug|Win32
		{C1589DFD-782C-4ED0-8970-178D4BFACC51}.DebugDll|Win32.ActiveCfg = Debug|Win32
		{C1589DFD-782C-4ED0-8970-178D4BFACC51}.DebugDll|Win32.Build.0 = Debug|Win32
		{C1589DFD-782C-4ED0-8970-178D4BFACC51}.Release|Any CPU.ActiveCfg = Release|Win32
		{C1589DFD-782C-4ED0-8970-178D4BFACC51}.Release|Mixed Platforms.ActiveCfg = Release|Win32
		{C1589DFD-782C-4ED0-8970-178D4BFACC51}.Release|Mixed Platforms.Build.0 = Release|Win32
		{C1589DFD-782C-4ED0-8970-178D4BFACC51}.Release|Win32.ActiveCfg = Release|Win32
		{C1589DFD-782C-4ED0-8970-178D4BFACC51}.Release|Win32.Build.0 = Release|Win32
		{C1589DFD-782C-4ED0-8970-178D4BFACC51}.ReleaseDll|Any CPU.ActiveCfg = Release|Win32
		{C1589DFD-782C-4ED0-8970-178D4BFACC51}.ReleaseDll|Mixed Platforms.ActiveCfg = Release|Win32
		{C1589DFD-782C-4ED0-8970-178D4BFACC51}.ReleaseDll|Mixed Platforms.Build.0 = Release|Win32
		{C1589DFD-782C-4ED0-8970-178D4BFACC51}.ReleaseDll|Win32.ActiveCfg = Release|Win32
		{C1589DFD-782C-4ED0-8970-178D4BFACC51}.ReleaseDll|Win32.Build.0 = Release|Win32
		{C1589DFD-782C-4ED0-8970-178D4BFACC51}.Template|Any CPU.ActiveCfg = Release|Win32
		{C1589DFD-782C-4ED0-8970-178D4BFACC51}.Template|Mixed Platforms.ActiveCfg = Release|Win32
		{C1589DFD-782C-4ED0-8970-178D4BFACC51}.Template|Mixed Platforms.Build.0 = Release|Win32
		{C1589DFD-782C-4ED0-8970-178D4BFACC51}.Template|Win32.ActiveCfg = Release|Win32
		{C1589DFD-782C-4ED0-8970-178D4BFACC51}.Template|Win32.Build.0 = Release|Win32
		{290726E6-0596-4252-A522-A8D2812C8D60}.Debug|Any CPU.ActiveCfg = Debug|Win32
		{290726E6-0596-4252-A522-A8D2812C8D60}.Debug|Mixed Platforms.ActiveCfg = Debug|Win32
		{290726E6-0596-4252-A522-A8D2812C8D60}.Debug|Mixed Platforms.Build.0 = Debug|Win32
		{290726E6-0596-4252-A522-A8D2812C8D60}.Debug|Win32.ActiveCfg = Debug|Win32
		{290726E6-0596-4252-A522-A8D2812C8D60}.Debug|Win32.Build.0 = Debug|Win32
		{290726E6-0596-4252-A522-A8D2812C8D60}.DebugDll|Any CPU.ActiveCfg = Debug|Win32
		{290726E6-0596-4252-A522-A8D2812C8D60}.DebugDll|Mixed Platforms.ActiveCfg = Debug|Win32
		{290726E6-0596-4252-A522-A8D2812C8D60}.DebugDll|Mixed Platforms.Build.0 = Debug|Win32
		{290726E6-0596-4252-A522-A8D2812C8D60}.DebugDll|Win32.ActiveCfg = Debug|Win32
		{290726E6-0596-4252-A522-A8D2812C8D60}.DebugDll|Win32.Build.0 = Debug|Win32
		{290726E6-0596-4252-A522-A8D2812C8D60}.Release|Any CPU.ActiveCfg = Release|Win32
		{290726E6-0596-4252-A522-A8D2812C8D60}.Release|Mixed Platforms.ActiveCfg = Release|Win32
		{290726E6-0596-4252-A522-A8D2812C8D60}.Release|Mixed Platforms.Build.0 = Release|Win32
		{290726E6-0596-4252-A522-A8D2812C8D60}.Release|Win32.ActiveCfg = Release|Win32
		{290726E6-0596-4252-A522-A8D2812C8D60}.Release|Win32.Build.0 = Release|Win32
		{290726E6-0596-4252-A522-A8D2812C8D60}.ReleaseDll|Any CPU.ActiveCfg = Release|Win32
		{290726E6-0596-4252-A522-A8D2812C8D60}.ReleaseDll|Mixed Platforms.ActiveCfg = Release|Win32
		{290726E6-0596-4252-A522-A8D2812C8D60}.ReleaseDll|Mixed Platforms.Build.0 = Release|Win32
		{290726E6-0596-4252-A522-A8D2812C8D60}.ReleaseDll|Win32.ActiveCfg = Release|Win32
		{290726E6-0596-4252-A522-A8D2812C8D60}.ReleaseDll|Win32.Build.0 = Release|Win32
		{290726E6-0596-4252-A522-A8D2812C8D60}.Template|Any CPU.ActiveCfg = Release|Win32
		{290726E6-0596-4252-A522-A8D2812C8D60}.Template|Mixed Platforms.ActiveCfg = Release|Win32
		{290726E6-0596-4252-A522-A8D2812C8D60}.Template|Mixed Platforms.Build.0 = Release|Win32
		{290726E6-0596-4252-A522-A8D2812C8D60}.Template|Win32.ActiveCfg = Release|Win32
		{290726E6-0596-4252-A522-A8D2812C8D60}.Template|Win32.Build.0 = Release|Win32
		{91E6735B-2B35-4A3E-80A5-E580703BCF4D}.Debug|Any CPU.ActiveCfg = Debug|Win32
		{91E6735B-2B35-4A3E-80A5-E580703BCF4D}.Debug|Mixed Platforms.ActiveCfg = Debug|Win32
		{91E6735B-2B35-4A3E-80A5-E580703BCF4D}.Debug|Mixed Platforms.Build.0 = Debug|Win32
		{91E6735B-2B35-4A3E-80A5-E580703BCF4D}.Debug|Win32.ActiveCfg = Debug|Win32
		{91E6735B-2B35-4A3E-80A5-E580703BCF4D}.Debug|Win32.Build.0 = Debug|Win32
		{91E6735B-2B35-4A3E-80A5-E580703BCF4D}.DebugDll|Any CPU.ActiveCfg = Debug|Win32
		{91E6735B-2B35-4A3E-80A5-E580703BCF4D}.DebugDll|Mixed Platforms.ActiveCfg = Debug|Win32
		{91E6735B-2B35-4A3E-80A5-E580703BCF4D}.DebugDll|Mixed Platforms.Build.0 = Debug|Win32
		{91E6735B-2B35-4A3E-80A5-E580703BCF4D}.DebugDll|Win32.ActiveCfg = Debug|Win32
		{91E6735B-2B35-4A3E-80A5-E580703BCF4D}.DebugDll|Win32.Build.0 = Debug|Win32
		{91E6735B-2B35-4A3E-80A5-E580703BCF4D}.Release|Any CPU.ActiveCfg = Release|Win32
		{91E6735B-2B35-4A3E-80A5-E580703BCF4D}.Release|Mixed Platforms.ActiveCfg = Release|Win32
		{91E6735B-2B35-4A3E-80A5-E580703BCF4D}.Release|Mixed Platforms.Build.0 = Release|Win32
		{91E6735B-2B35-4A3E-80A5-E580703BCF4D}.Release|Win32.ActiveCfg = Release|Win32
		{91E6735B-2B35-4A3E-80A5-E580703BCF4D}.Release|Win32.Build.0 = Release|Win32
		{91E6735B-2B35-4A3E-80A5-E580703BCF4D}.ReleaseDll|Any CPU.ActiveCfg = Release|Win32
		{91E6735B-2B35-4A3E-80A5-E580703BCF4D}.ReleaseDll|Mixed Platforms.ActiveCfg = Release|Win32
		{91E6735B-2B35-4A3E-80A5-E580703BCF4D}.ReleaseDll|Mixed Platforms.Build.0 = Release|Win32
		{91E6735B-2B35-4A3E-80A5-E580703BCF4D}.ReleaseDll|Win32.ActiveCfg = Release|Win32
		{91E6735B-2B35-4A3E-80A5-E580703BCF4D}.ReleaseDll|Win32.Build.0 = Release|Win32
		{91E6735B-2B35-4A3E-80A5-E580703BCF4D}.Template|Any CPU.ActiveCfg = Release|Win32
		{91E6735B-2B35-4A3E-80A5-E580703BCF4D}.Template|Mixed Platforms.ActiveCfg = Release|Win32
		{91E6735B-2B35-4A3E-80A5-E580703BCF4D}.Template|Mixed Platforms.Build.0 = Release|Win32
		{91E6735B-2B35-4A3E-80A5-E580703BCF4D}.Template|Win32.ActiveCfg = Release|Win32
		{91E6735B-2B35-4A3E-80A5-E580703BCF4D}.Template|Win32.Build.0 = Release|Win32
		{56F56069-143C-4083-9519-5DEBDF9F3E3B}.Debug|Any CPU.ActiveCfg = Debug|Win32
		{56F56069-143C-4083-9519-5DEBDF9F3E3B}.Debug|Mixed Platforms.ActiveCfg = Debug|Win32
		{56F56069-143C-4083-9519-5DEBDF9F3E3B}.Debug|Mixed Platforms.Build.0 = Debug|Win32
		{56F56069-143C-4083-9519-5DEBDF9F3E3B}.Debug|Win32.ActiveCfg = Debug|Win32
		{56F56069-143C-4083-9519-5DEBDF9F3E3B}.Debug|Win32.Build.0 = Debug|Win32
		{56F56069-143C-4083-9519-5DEBDF9F3E3B}.DebugDll|Any CPU.ActiveCfg = Debug|Win32
		{56F56069-143C-4083-9519-5DEBDF9F3E3B}.DebugDll|Mixed Platforms.ActiveCfg = Debug|Win32
		{56F56069-143C-4083-9519-5DEBDF9F3E3B}.DebugDll|Mixed Platforms.Build.0 = Debug|Win32
		{56F56069-143C-4083-9519-5DEBDF9F3E3B}.DebugDll|Win32.ActiveCfg = Debug|Win32
		{56F56069-143C-4083-9519-5DEBDF9F3E3B}.DebugDll|Win32.Build.0 = Debug|Win32
		{56F56069-143C-4083-9519-5DEBDF9F3E3B}.Release|Any CPU.ActiveCfg = Release|Win32
		{56F56069-143C-4083-9519-5DEBDF9F3E3B}.Release|Mixed Platforms.ActiveCfg = Release|Win32
		{56F56069-143C-4083-9519-5DEBDF9F3E3B}.Release|Mixed Platforms.Build.0 = Release|Win32
		{56F56069-143C-4083-9519-5DEBDF9F3E3B}.Release|Win32.ActiveCfg = Release|Win32
		{56F56069-143C-4083-9519-5DEBDF9F3E3B}.Release|Win32.Build.0 = Release|Win32
		{56F56069-143C-4083-9519-5DEBDF9F3E3B}.ReleaseDll|Any CPU.ActiveCfg = Release|Win32
		{56F56069-143C-4083-9519-5DEBDF9F3E3B}.ReleaseDll|Mixed Platforms.ActiveCfg = Release|Win32
		{56F56069-143C-4083-9519-5DEBDF9F3E3B}.ReleaseDll|Mixed Platforms.Build.0 = Release|Win32
		{56F56069-143C-4083-9519-5DEBDF9F3E3B}.ReleaseDll|Win32.ActiveCfg = Release|Win32
		{56F56069-143C-4083-9519-5DEBDF9F3E3B}.ReleaseDll|Win32.Build.0 = Release|Win32
		{56F56069-143C-4083-9519-5DEBDF9F3E3B}.Template|Any CPU.ActiveCfg = Release|Win32
		{56F56069-143C-4083-9519-5DEBDF9F3E3B}.Template|Mixed Platforms.ActiveCfg = Release|Win32
		{56F56069-143C-4083-9519-5DEBDF9F3E3B}.Template|Mixed Platforms.Build.0 = Release|Win32
		{56F56069-143C-4083-9519-5DEBDF9F3E3B}.Template|Win32.ActiveCfg = Release|Win32
		{56F56069-143C-4083-9519-5DEBDF9F3E3B}.Template|Win32.Build.0 = Release|Win32
		{AFB9A54B-500B-403D-9D4C-9EA5A5D11179}.Debug|Any CPU.ActiveCfg = Debug|Win32
		{AFB9A54B-500B-403D-9D4C-9EA5A5D11179}.Debug|Mixed Platforms.ActiveCfg = Debug|Win32
		{AFB9A54B-500B-403D-9D4C-9EA5A5D11179}.Debug|Mixed Platforms.Build.0 = Debug|Win32
		{AFB9A54B-500B-403D-9D4C-9EA5A5D11179}.Debug|Win32.ActiveCfg = Debug|Win32
		{AFB9A54B-500B-403D-9D4C-9EA5A5D11179}.Debug|Win32.Build.0 = Debug|Win32
		{AFB9A54B-500B-403D-9D4C-9EA5A5D11179}.DebugDll|Any CPU.ActiveCfg = Debug|Win32
		{AFB9A54B-500B-403D-9D4C-9EA5A5D11179}.DebugDll|Mixed Platforms.ActiveCfg = Debug|Win32
		{AFB9A54B-500B-403D-9D4C-9EA5A5D11179}.DebugDll|Mixed Platforms.Build.0 = Debug|Win32
		{AFB9A54B-500B-403D-9D4C-9EA5A5D11179}.DebugDll|Win32.ActiveCfg = Debug|Win32
		{AFB9A54B-500B-403D-9D4C-9EA5A5D11179}.DebugDll|Win32.Build.0 = Debug|Win32
		{AFB9A54B-500B-403D-9D4C-9EA5A5D11179}.Release|Any CPU.ActiveCfg = Release|Win32
		{AFB9A54B-500B-403D-9D4C-9EA5A5D11179}.Release|Mixed Platforms.ActiveCfg = Release|Win32
		{AFB9A54B-500B-403D-9D4C-9EA5A5D11179}.Release|Mixed Platforms.Build.0 = Release|Win32
		{AFB9A54B-500B-403D-9D4C-9EA5A5D11179}.Release|Win32.ActiveCfg = Release|Win32
		{AFB9A54B-500B-403D-9D4C-9EA5A5D11179}.Release|Win32.Build.0 = Release|Win32
		{AFB9A54B-500B-403D-9D4C-9EA5A5D11179}.ReleaseDll|Any CPU.ActiveCfg = Release|Win32
		{AFB9A54B-500B-403D-9D4C-9EA5A5D11179}.ReleaseDll|Mixed Platforms.ActiveCfg = Release|Win32
		{AFB9A54B-500B-403D-9D4C-9EA5A5D11179}.ReleaseDll|Mixed Platforms.Build.0 = Release|Win32
		{AFB9A54B-500B-403D-9D4C-9EA5A5D11179}.ReleaseDll|Win32.ActiveCfg = Release|Win32
		{AFB9A54B-500B-403D-9D4C-9EA5A5D11179}.ReleaseDll|Win32.Build.0 = Release|Win32
		{AFB9A54B-500B-403D-9D4C-9EA5A5D11179}.Template|Any CPU.ActiveCfg = Release|Win32
		{AFB9A54B-500B-403D-9D4C-9EA5A5D11179}.Template|Mixed Platforms.ActiveCfg = Release|Win32
		{AFB9A54B-500B-403D-9D4C-9EA5A5D11179}.Template|Mixed Platforms.Build.0 = Release|Win32
		{AFB9A54B-500B-403D-9D4C-9EA5A5D11179}.Template|Win32.ActiveCfg = Release|Win32
		{AFB9A54B-500B-403D-9D4C-9EA5A5D11179}.Template|Win32.Build.0 = Release|Win32
		{B225BD03-0E25-4AB1-97A0-3EA7A5C6464F}.Debug|Any CPU.ActiveCfg = Debug|Win32
		{B225BD03-0E25-4AB1-97A0-3EA7A5C6464F}.Debug|Mixed Platforms.ActiveCfg = Debug|Win32
		{B225BD03-0E25-4AB1-97A0-3EA7A5C6464F}.Debug|Mixed Platforms.Build.0 = Debug|Win32
		{B225BD03-0E25-4AB1-97A0-3EA7A5C6464F}.Debug|Win32.ActiveCfg = Debug|Win32
		{B225BD03-0E25-4AB1-97A0-3EA7A5C6464F}.Debug|Win32.Build.0 = Debug|Win32
		{B225BD03-0E25-4AB1-97A0-3EA7A5C6464F}.DebugDll|Any CPU.ActiveCfg = Debug|Win32
		{B225BD03-0E25-4AB1-97A0-3EA7A5C6464F}.DebugDll|Mixed Platforms.ActiveCfg = Debug|Win32
		{B225BD03-0E25-4AB1-97A0-3EA7A5C6464F}.DebugDll|Mixed Platforms.Build.0 = Debug|Win32
		{B225BD03-0E25-4AB1-97A0-3EA7A5C6464F}.DebugDll|Win32.ActiveCfg = Debug|Win32
		{B225BD03-0E25-4AB1-97A0-3EA7A5C6464F}.DebugDll|Win32.Build.0 = Debug|Win32
		{B225BD03-0E25-4AB1-97A0-3EA7A5C6464F}.Release|Any CPU.ActiveCfg = Release|Win32
		{B225BD03-0E25-4AB1-97A0-3EA7A5C6464F}.Release|Mixed Platforms.ActiveCfg = Release|Win32
		{B225BD03-0E25-4AB1-97A0-3EA7A5C6464F}.Release|Mixed Platforms.Build.0 = Release|Win32
		{B225BD03-0E25-4AB1-97A0-3EA7A5C6464F}.Release|Win32.ActiveCfg = Release|Win32
		{B225BD03-0E25-4AB1-97A0-3EA7A5C6464F}.Release|Win32.Build.0 = Release|Win32
		{B225BD03-0E25-4AB1-97A0-3EA7A5C6464F}.ReleaseDll|Any CPU.ActiveCfg = Release|Win32
		{B225BD03-0E25-4AB1-97A0-3EA7A5C6464F}.ReleaseDll|Mixed Platforms.ActiveCfg = Release|Win32
		{B225BD03-0E25-4AB1-97A0-3EA7A5C6464F}.ReleaseDll|Mixed Platforms.Build.0 = Release|Win32
		{B225BD03-0E25-4AB1-97A0-3EA7A5C6464F}.ReleaseDll|Win32.ActiveCfg = Release|Win32
		{B225BD03-0E25-4AB1-97A0-3EA7A5C6464F}.ReleaseDll|Win32.Build.0 = Release|Win32
		{B225BD03-0E25-4AB1-97A0-3EA7A5C6464F}.Template|Any CPU.ActiveCfg = Release|Win32
		{B225BD03-0E25-4AB1-97A0-3EA7A5C6464F}.Template|Mixed Platforms.ActiveCfg = Release|Win32
		{B225BD03-0E25-4AB1-97A0-3EA7A5C6464F}.Template|Mixed Platforms.Build.0 = Release|Win32
		{B225BD03-0E25-4AB1-97A0-3EA7A5C6464F}.Template|Win32.ActiveCfg = Release|Win32
		{B225BD03-0E25-4AB1-97A0-3EA7A5C6464F}.Template|Win32.Build.0 = Release|Win32
		{2027B367-96A5-44B2-9E57-1A91E64D5E7A}.Debug|Any CPU.ActiveCfg = Debug|Win32
		{2027B367-96A5-44B2-9E57-1A91E64D5E7A}.Debug|Mixed Platforms.ActiveCfg = Debug|Win32
		{2027B367-96A5-44B2-9E57-1A91E64D5E7A}.Debug|Mixed Platforms.Build.0 = Debug|Win32
		{2027B367-96A5-44B2-9E57-1A91E64D5E7A}.Debug|Win32.ActiveCfg = Debug|Win32
		{2027B367-96A5-44B2-9E57-1A91E64D5E7A}.Debug|Win32.Build.0 = Debug|Win32
		{2027B367-96A5-44B2-9E57-1A91E64D5E7A}.DebugDll|Any CPU.ActiveCfg = Debug|Win32
		{2027B367-96A5-44B2-9E57-1A91E64D5E7A}.DebugDll|Mixed Platforms.ActiveCfg = Debug|Win32
		{2027B367-96A5-44B2-9E57-1A91E64D5E7A}.DebugDll|Mixed Platforms.Build.0 = Debug|Win32
		{2027B367-96A5-44B2-9E57-1A91E64D5E7A}.DebugDll|Win32.ActiveCfg = Debug|Win32
		{2027B367-96A5-44B2-9E57-1A91E64D5E7A}.DebugDll|Win32.Build.0 = Debug|Win32
		{2027B367-96A5-44B2-9E57-1A91E64D5E7A}.Release|Any CPU.ActiveCfg = Release|Win32
		{2027B367-96A5-44B2-9E57-1A91E64D5E7A}.Release|Mixed Platforms.ActiveCfg = Release|Win32
		{2027B367-96A5-44B2-9E57-1A91E64D5E7A}.Release|Mixed Platforms.Build.0 = Release|Win32
		{2027B367-96A5-44B2-9E57-1A91E64D5E7A}.Release|Win32.ActiveCfg = Release|Win32
		{2027B367-96A5-44B2-9E57-1A91E64D5E7A}.Release|Win32.Build.0 = Release|Win32
		{2027B367-96A5-44B2-9E57-1A91E64D5E7A}.ReleaseDll|Any CPU.ActiveCfg = Release|Win32
		{2027B367-96A5-44B2-9E57-1A91E64D5E7A}.ReleaseDll|Mixed Platforms.ActiveCfg = Release|Win32
		{2027B367-96A5-44B2-9E57-1A91E64D5E7A}.ReleaseDll|Mixed Platforms.Build.0 = Release|Win32
		{2027B367-96A5-44B2-9E57-1A91E64D5E7A}.ReleaseDll|Win32.ActiveCfg = Release|Win32
		{2027B367-96A5-44B2-9E57-1A91E64D5E7A}.ReleaseDll|Win32.Build.0 = Release|Win32
		{2027B367-96A5-44B2-9E57-1A91E64D5E7A}.Template|Any CPU.ActiveCfg = Release|Win32
		{2027B367-96A5-44B2-9E57-1A91E64D5E7A}.Template|Mixed Platforms.ActiveCfg = Release|Win32
		{2027B367-96A5-44B2-9E57-1A91E64D5E7A}.Template|Mixed Platforms.Build.0 = Release|Win32
		{2027B367-96A5-44B2-9E57-1A91E64D5E7A}.Template|Win32.ActiveCfg = Release|Win32
		{2027B367-96A5-44B2-9E57-1A91E64D5E7A}.Template|Win32.Build.0 = Release|Win32
		{948FF028-EC3B-412B-9290-B29D7241F89D}.Debug|Any CPU.ActiveCfg = Debug|Win32
		{948FF028-EC3B-412B-9290-B29D7241F89D}.Debug|Mixed Platforms.ActiveCfg = Debug|Win32
		{948FF028-EC3B-412B-9290-B29D7241F89D}.Debug|Mixed Platforms.Build.0 = Debug|Win32
		{948FF028-EC3B-412B-9290-B29D7241F89D}.Debug|Win32.ActiveCfg = Debug|Win32
		{948FF028-EC3B-412B-9290-B29D7241F89D}.Debug|Win32.Build.0 = Debug|Win32
		{948FF028-EC3B-412B-9290-B29D7241F89D}.DebugDll|Any CPU.ActiveCfg = Debug|Win32
		{948FF028-EC3B-412B-9290-B29D7241F89D}.DebugDll|Mixed Platforms.ActiveCfg = Debug|Win32
		{948FF028-EC3B-412B-9290-B29D7241F89D}.DebugDll|Mixed Platforms.Build.0 = Debug|Win32
		{948FF028-EC3B-412B-9290-B29D7241F89D}.DebugDll|Win32.ActiveCfg = Debug|Win32
		{948FF028-EC3B-412B-9290-B29D7241F89D}.DebugDll|Win32.Build.0 = Debug|Win32
		{948FF028-EC3B-412B-9290-B29D7241F89D}.Release|Any CPU.ActiveCfg = Release|Win32
		{948FF028-EC3B-412B-9290-B29D7241F89D}.Release|Mixed Platforms.ActiveCfg = Release|Win32
		{948FF028-EC3B-412B-9290-B29D7241F89D}.Release|Mixed Platforms.Build.0 = Release|Win32
		{948FF028-EC3B-412B-9290-B29D7241F89D}.Release|Win32.ActiveCfg = Release|Win32
		{948FF028-EC3B-412B-9290-B29D7241F89D}.Release|Win32.Build.0 = Release|Win32
		{948FF028-EC3B-412B-9290-B29D7241F89D}.ReleaseDll|Any CPU.ActiveCfg = Release|Win32
		{948FF028-EC3B-412B-9290-B29D7241F89D}.ReleaseDll|Mixed Platforms.ActiveCfg = Release|Win32
		{948FF028-EC3B-412B-9290-B29D7241F89D}.ReleaseDll|Mixed Platforms.Build.0 = Release|Win32
		{948FF028-EC3B-412B-9290-B29D7241F89D}.ReleaseDll|Win32.ActiveCfg = Release|Win32
		{948FF028-EC3B-412B-9290-B29D7241F89D}.ReleaseDll|Win32.Build.0 = Release|Win32
		{948FF028-EC3B-412B-9290-B29D7241F89D}.Template|Any CPU.ActiveCfg = Release|Win32
		{948FF028-EC3B-412B-9290-B29D7241F89D}.Template|Mixed Platforms.ActiveCfg = Release|Win32
		{948FF028-EC3B-412B-9290-B29D7241F89D}.Template|Mixed Platforms.Build.0 = Release|Win32
		{948FF028-EC3B-412B-9290-B29D7241F89D}.Template|Win32.ActiveCfg = Release|Win32
		{948FF028-EC3B-412B-9290-B29D7241F89D}.Template|Win32.Build.0 = Release|Win32
		{4D885462-C579-44D8-A2D3-22DB75628972}.Debug|Any CPU.ActiveCfg = Debug|Win32
		{4D885462-C579-44D8-A2D3-22DB75628972}.Debug|Mixed Platforms.ActiveCfg = Debug|Win32
		{4D885462-C579-44D8-A2D3-22DB75628972}.Debug|Mixed Platforms.Build.0 = Debug|Win32
		{4D885462-C579-44D8-A2D3-22DB75628972}.Debug|Win32.ActiveCfg = Debug|Win32
		{4D885462-C579-44D8-A2D3-22DB75628972}.Debug|Win32.Build.0 = Debug|Win32
		{4D885462-C579-44D8-A2D3-22DB75628972}.DebugDll|Any CPU.ActiveCfg = Debug|Win32
		{4D885462-C579-44D8-A2D3-22DB75628972}.DebugDll|Mixed Platforms.ActiveCfg = Debug|Win32
		{4D885462-C579-44D8-A2D3-22DB75628972}.DebugDll|Mixed Platforms.Build.0 = Debug|Win32
		{4D885462-C579-44D8-A2D3-22DB75628972}.DebugDll|Win32.ActiveCfg = Debug|Win32
		{4D885462-C579-44D8-A2D3-22DB75628972}.DebugDll|Win32.Build.0 = Debug|Win32
		{4D885462-C579-44D8-A2D3-22DB75628972}.Release|Any CPU.ActiveCfg = Release|Win32
		{4D885462-C579-44D8-A2D3-22DB75628972}.Release|Mixed Platforms.ActiveCfg = Release|Win32
		{4D885462-C579-44D8-A2D3-22DB75628972}.Release|Mixed Platforms.Build.0 = Release|Win32
		{4D885462-C579-44D8-A2D3-22DB75628972}.Release|Win32.ActiveCfg = Release|Win32
		{4D885462-C579-44D8-A2D3-22DB75628972}.Release|Win32.Build.0 = Release|Win32
		{4D885462-C579-44D8-A2D3-22DB75628972}.ReleaseDll|Any CPU.ActiveCfg = Release|Win32
		{4D885462-C579-44D8-A2D3-22DB75628972}.ReleaseDll|Mixed Platforms.ActiveCfg = Release|Win32
		{4D885462-C579-44D8-A2D3-22DB75628972}.ReleaseDll|Mixed Platforms.Build.0 = Release|Win32
		{4D885462-C579-44D8-A2D3-22DB75628972}.ReleaseDll|Win32.ActiveCfg = Release|Win32
		{4D885462-C579-44D8-A2D3-22DB75628972}.ReleaseDll|Win32.Build.0 = Release|Win32
		{4D885462-C579-44D8-A2D3-22DB75628972}.Template|Any CPU.ActiveCfg = Release|Win32
		{4D885462-C579-44D8-A2D3-22DB75628972}.Template|Mixed Platforms.ActiveCfg = Release|Win32
		{4D885462-C579-44D8-A2D3-22DB75628972}.Template|Mixed Platforms.Build.0 = Release|Win32
		{4D885462-C579-44D8-A2D3-22DB75628972}.Template|Win32.ActiveCfg = Release|Win32
		{4D885462-C579-44D8-A2D3-22DB75628972}.Template|Win32.Build.0 = Release|Win32
		{4B9497FC-CF8A-428F-AE53-978D1C395336}.Debug|Any CPU.ActiveCfg = Debug|Win32
		{4B9497FC-CF8A-428F-AE53-978D1C395336}.Debug|Mixed Platforms.ActiveCfg = Debug|Win32
		{4B9497FC-CF8A-428F-AE53-978D1C395336}.Debug|Mixed Platforms.Build.0 = Debug|Win32
		{4B9497FC-CF8A-428F-AE53-978D1C395336}.Debug|Win32.ActiveCfg = Debug|Win32
		{4B9497FC-CF8A-428F-AE53-978D1C395336}.Debug|Win32.Build.0 = Debug|Win32
		{4B9497FC-CF8A-428F-AE53-978D1C395336}.DebugDll|Any CPU.ActiveCfg = Debug|Win32
		{4B9497FC-CF8A-428F-AE53-978D1C395336}.DebugDll|Mixed Platforms.ActiveCfg = Debug|Win32
		{4B9497FC-CF8A-428F-AE53-978D1C395336}.DebugDll|Mixed Platforms.Build.0 = Debug|Win32
		{4B9497FC-CF8A-428F-AE53-978D1C395336}.DebugDll|Win32.ActiveCfg = Debug|Win32
		{4B9497FC-CF8A-428F-AE53-978D1C395336}.DebugDll|Win32.Build.0 = Debug|Win32
		{4B9497FC-CF8A-428F-AE53-978D1C395336}.Release|Any CPU.ActiveCfg = Release|Win32
		{4B9497FC-CF8A-428F-AE53-978D1C395336}.Release|Mixed Platforms.ActiveCfg = Release|Win32
		{4B9497FC-CF8A-428F-AE53-978D1C395336}.Release|Mixed Platforms.Build.0 = Release|Win32
		{4B9497FC-CF8A-428F-AE53-978D1C395336}.Release|Win32.ActiveCfg = Release|Win32
		{4B9497FC-CF8A-428F-AE53-978D1C395336}.Release|Win32.Build.0 = Release|Win32
		{4B9497FC-CF8A-428F-AE53-978D1C395336}.ReleaseDll|Any CPU.ActiveCfg = Release|Win32
		{4B9497FC-CF8A-428F-AE53-978D1C395336}.ReleaseDll|Mixed Platforms.ActiveCfg = Release|Win32
		{4B9497FC-CF8A-428F-AE53-978D1C395336}.ReleaseDll|Mixed Platforms.Build.0 = Release|Win32
		{4B9497FC-CF8A-428F-AE53-978D1C395336}.ReleaseDll|Win32.ActiveCfg = Release|Win32
		{4B9497FC-CF8A-428F-AE53-978D1C395336}.ReleaseDll|Win32.Build.0 = Release|Win32
		{4B9497FC-CF8A-428F-AE53-978D1C395336}.Template|Any CPU.ActiveCfg = Release|Win32
		{4B9497FC-CF8A-428F-AE53-978D1C395336}.Template|Mixed Platforms.ActiveCfg = Release|Win32
		{4B9497FC-CF8A-428F-AE53-978D1C395336}.Template|Mixed Platforms.Build.0 = Release|Win32
		{4B9497FC-CF8A-428F-AE53-978D1C395336}.Template|Win32.ActiveCfg = Release|Win32
		{4B9497FC-CF8A-428F-AE53-978D1C395336}.Template|Win32.Build.0 = Release|Win32
		{B7E95631-3E9C-4977-9031-903CB3D15DF8}.Debug|Any CPU.ActiveCfg = Debug|Win32
		{B7E95631-3E9C-4977-9031-903CB3D15DF8}.Debug|Mixed Platforms.ActiveCfg = Debug|Win32
		{B7E95631-3E9C-4977-9031-903CB3D15DF8}.Debug|Mixed Platforms.Build.0 = Debug|Win32
		{B7E95631-3E9C-4977-9031-903CB3D15DF8}.Debug|Win32.ActiveCfg = Debug|Win32
		{B7E95631-3E9C-4977-9031-903CB3D15DF8}.Debug|Win32.Build.0 = Debug|Win32
		{B7E95631-3E9C-4977-9031-903CB3D15DF8}.DebugDll|Any CPU.ActiveCfg = Debug|Win32
		{B7E95631-3E9C-4977-9031-903CB3D15DF8}.DebugDll|Mixed Platforms.ActiveCfg = Debug|Win32
		{B7E95631-3E9C-4977-9031-903CB3D15DF8}.DebugDll|Mixed Platforms.Build.0 = Debug|Win32
		{B7E95631-3E9C-4977-9031-903CB3D15DF8}.DebugDll|Win32.ActiveCfg = Debug|Win32
		{B7E95631-3E9C-4977-9031-903CB3D15DF8}.DebugDll|Win32.Build.0 = Debug|Win32
		{B7E95631-3E9C-4977-9031-903CB3D15DF8}.Release|Any CPU.ActiveCfg = Release|Win32
		{B7E95631-3E9C-4977-9031-903CB3D15DF8}.Release|Mixed Platforms.ActiveCfg = Release|Win32
		{B7E95631-3E9C-4977-9031-903CB3D15DF8}.Release|Mixed Platforms.Build.0 = Release|Win32
		{B7E95631-3E9C-4977-9031-903CB3D15DF8}.Release|Win32.ActiveCfg = Release|Win32
		{B7E95631-3E9C-4977-9031-903CB3D15DF8}.Release|Win32.Build.0 = Release|Win32
		{B7E95631-3E9C-4977-9031-903CB3D15DF8}.ReleaseDll|Any CPU.ActiveCfg = Release|Win32
		{B7E95631-3E9C-4977-9031-903CB3D15DF8}.ReleaseDll|Mixed Platforms.ActiveCfg = Release|Win32
		{B7E95631-3E9C-4977-9031-903CB3D15DF8}.ReleaseDll|Mixed Platforms.Build.0 = Release|Win32
		{B7E95631-3E9C-4977-9031-903CB3D15DF8}.ReleaseDll|Win32.ActiveCfg = Release|Win32
		{B7E95631-3E9C-4977-9031-903CB3D15DF8}.ReleaseDll|Win32.Build.0 = Release|Win32
		{B7E95631-3E9C-4977-9031-903CB3D15DF8}.Template|Any CPU.ActiveCfg = Release|Win32
		{B7E95631-3E9C-4977-9031-903CB3D15DF8}.Template|Mixed Platforms.ActiveCfg = Release|Win32
		{B7E95631-3E9C-4977-9031-903CB3D15DF8}.Template|Mixed Platforms.Build.0 = Release|Win32
		{B7E95631-3E9C-4977-9031-903CB3D15DF8}.Template|Win32.ActiveCfg = Release|Win32
		{B7E95631-3E9C-4977-9031-903CB3D15DF8}.Template|Win32.Build.0 = Release|Win32
		{ADA13E25-643B-4D42-8E3A-4B4F85752AC8}.Debug|Any CPU.ActiveCfg = Debug|Win32
		{ADA13E25-643B-4D42-8E3A-4B4F85752AC8}.Debug|Mixed Platforms.ActiveCfg = Debug|Win32
		{ADA13E25-643B-4D42-8E3A-4B4F85752AC8}.Debug|Mixed Platforms.Build.0 = Debug|Win32
		{ADA13E25-643B-4D42-8E3A-4B4F85752AC8}.Debug|Win32.ActiveCfg = Debug|Win32
		{ADA13E25-643B-4D42-8E3A-4B4F85752AC8}.Debug|Win32.Build.0 = Debug|Win32
		{ADA13E25-643B-4D42-8E3A-4B4F85752AC8}.DebugDll|Any CPU.ActiveCfg = Debug|Win32
		{ADA13E25-643B-4D42-8E3A-4B4F85752AC8}.DebugDll|Mixed Platforms.ActiveCfg = Debug|Win32
		{ADA13E25-643B-4D42-8E3A-4B4F85752AC8}.DebugDll|Mixed Platforms.Build.0 = Debug|Win32
		{ADA13E25-643B-4D42-8E3A-4B4F85752AC8}.DebugDll|Win32.ActiveCfg = Debug|Win32
		{ADA13E25-643B-4D42-8E3A-4B4F85752AC8}.DebugDll|Win32.Build.0 = Debug|Win32
		{ADA13E25-643B-4D42-8E3A-4B4F85752AC8}.Release|Any CPU.ActiveCfg = Release|Win32
		{ADA13E25-643B-4D42-8E3A-4B4F85752AC8}.Release|Mixed Platforms.ActiveCfg = Release|Win32
		{ADA13E25-643B-4D42-8E3A-4B4F85752AC8}.Release|Mixed Platforms.Build.0 = Release|Win32
		{ADA13E25-643B-4D42-8E3A-4B4F85752AC8}.Release|Win32.ActiveCfg = Release|Win32
		{ADA13E25-643B-4D42-8E3A-4B4F85752AC8}.Release|Win32.Build.0 = Release|Win32
		{ADA13E25-643B-4D42-8E3A-4B4F85752AC8}.ReleaseDll|Any CPU.ActiveCfg = Release|Win32
		{ADA13E25-643B-4D42-8E3A-4B4F85752AC8}.ReleaseDll|Mixed Platforms.ActiveCfg = Release|Win32
		{ADA13E25-643B-4D42-8E3A-4B4F85752AC8}.ReleaseDll|Mixed Platforms.Build.0 = Release|Win32
		{ADA13E25-643B-4D42-8E3A-4B4F85752AC8}.ReleaseDll|Win32.ActiveCfg = Release|Win32
		{ADA13E25-643B-4D42-8E3A-4B4F85752AC8}.ReleaseDll|Win32.Build.0 = Release|Win32
		{ADA13E25-643B-4D42-8E3A-4B4F85752AC8}.Template|Any CPU.ActiveCfg = Release|Win32
		{ADA13E25-643B-4D42-8E3A-4B4F85752AC8}.Template|Mixed Platforms.ActiveCfg = Release|Win32
		{ADA13E25-643B-4D42-8E3A-4B4F85752AC8}.Template|Mixed Platforms.Build.0 = Release|Win32
		{ADA13E25-643B-4D42-8E3A-4B4F85752AC8}.Template|Win32.ActiveCfg = Release|Win32
		{ADA13E25-643B-4D42-8E3A-4B4F85752AC8}.Template|Win32.Build.0 = Release|Win32
		{32C370A5-3CBB-410F-A9AA-E45AA8ABCE34}.Debug|Any CPU.ActiveCfg = Debug|Win32
		{32C370A5-3CBB-410F-A9AA-E45AA8ABCE34}.Debug|Mixed Platforms.ActiveCfg = Debug|Win32
		{32C370A5-3CBB-410F-A9AA-E45AA8ABCE34}.Debug|Mixed Platforms.Build.0 = Debug|Win32
		{32C370A5-3CBB-410F-A9AA-E45AA8ABCE34}.Debug|Win32.ActiveCfg = Debug|Win32
		{32C370A5-3CBB-410F-A9AA-E45AA8ABCE34}.Debug|Win32.Build.0 = Debug|Win32
		{32C370A5-3CBB-410F-A9AA-E45AA8ABCE34}.DebugDll|Any CPU.ActiveCfg = DebugDll|Win32
		{32C370A5-3CBB-410F-A9AA-E45AA8ABCE34}.DebugDll|Mixed Platforms.ActiveCfg = DebugDll|Win32
		{32C370A5-3CBB-410F-A9AA-E45AA8ABCE34}.DebugDll|Mixed Platforms.Build.0 = DebugDll|Win32
		{32C370A5-3CBB-410F-A9AA-E45AA8ABCE34}.DebugDll|Win32.ActiveCfg = DebugDll|Win32
		{32C370A5-3CBB-410F-A9AA-E45AA8ABCE34}.DebugDll|Win32.Build.0 = DebugDll|Win32
		{32C370A5-3CBB-410F-A9AA-E45AA8ABCE34}.Release|Any CPU.ActiveCfg = Release|Win32
		{32C370A5-3CBB-410F-A9AA-E45AA8ABCE34}.Release|Mixed Platforms.ActiveCfg = Release|Win32
		{32C370A5-3CBB-410F-A9AA-E45AA8ABCE34}.Release|Mixed Platforms.Build.0 = Release|Win32
		{32C370A5-3CBB-410F-A9AA-E45AA8ABCE34}.Release|Win32.ActiveCfg = Release|Win32
		{32C370A5-3CBB-410F-A9AA-E45AA8ABCE34}.Release|Win32.Build.0 = Release|Win32
		{32C370A5-3CBB-410F-A9AA-E45AA8ABCE34}.ReleaseDll|Any CPU.ActiveCfg = ReleaseDll|Win32
		{32C370A5-3CBB-410F-A9AA-E45AA8ABCE34}.ReleaseDll|Mixed Platforms.ActiveCfg = ReleaseDll|Win32
		{32C370A5-3CBB-410F-A9AA-E45AA8ABCE34}.ReleaseDll|Mixed Platforms.Build.0 = ReleaseDll|Win32
		{32C370A5-3CBB-410F-A9AA-E45AA8ABCE34}.ReleaseDll|Win32.ActiveCfg = ReleaseDll|Win32
		{32C370A5-3CBB-410F-A9AA-E45AA8ABCE34}.ReleaseDll|Win32.Build.0 = ReleaseDll|Win32
		{32C370A5-3CBB-410F-A9AA-E45AA8ABCE34}.Template|Any CPU.ActiveCfg = Template|Win32
		{32C370A5-3CBB-410F-A9AA-E45AA8ABCE34}.Template|Mixed Platforms.ActiveCfg = Template|Win32
		{32C370A5-3CBB-410F-A9AA-E45AA8ABCE34}.Template|Mixed Platforms.Build.0 = Template|Win32
		{32C370A5-3CBB-410F-A9AA-E45AA8ABCE34}.Template|Win32.ActiveCfg = Template|Win32
		{32C370A5-3CBB-410F-A9AA-E45AA8ABCE34}.Template|Win32.Build.0 = Template|Win32
		{63B90175-2399-4319-A593-20D608C7128C}.Debug|Any CPU.ActiveCfg = Debug|Win32
		{63B90175-2399-4319-A593-20D608C7128C}.Debug|Mixed Platforms.ActiveCfg = Debug|Win32
		{63B90175-2399-4319-A593-20D608C7128C}.Debug|Mixed Platforms.Build.0 = Debug|Win32
		{63B90175-2399-4319-A593-20D608C7128C}.Debug|Win32.ActiveCfg = Debug|Win32
		{63B90175-2399-4319-A593-20D608C7128C}.Debug|Win32.Build.0 = Debug|Win32
		{63B90175-2399-4319-A593-20D608C7128C}.DebugDll|Any CPU.ActiveCfg = Debug|Win32
		{63B90175-2399-4319-A593-20D608C7128C}.DebugDll|Mixed Platforms.ActiveCfg = Debug|Win32
		{63B90175-2399-4319-A593-20D608C7128C}.DebugDll|Mixed Platforms.Build.0 = Debug|Win32
		{63B90175-2399-4319-A593-20D608C7128C}.DebugDll|Win32.ActiveCfg = Debug|Win32
		{63B90175-2399-4319-A593-20D608C7128C}.DebugDll|Win32.Build.0 = Debug|Win32
		{63B90175-2399-4319-A593-20D608C7128C}.Release|Any CPU.ActiveCfg = Release|Win32
		{63B90175-2399-4319-A593-20D608C7128C}.Release|Mixed Platforms.ActiveCfg = Release|Win32
		{63B90175-2399-4319-A593-20D608C7128C}.Release|Mixed Platforms.Build.0 = Release|Win32
		{63B90175-2399-4319-A593-20D608C7128C}.Release|Win32.ActiveCfg = Release|Win32
		{63B90175-2399-4319-A593-20D608C7128C}.Release|Win32.Build.0 = Release|Win32
		{63B90175-2399-4319-A593-20D608C7128C}.ReleaseDll|Any CPU.ActiveCfg = Release|Win32
		{63B90175-2399-4319-A593-20D608C7128C}.ReleaseDll|Mixed Platforms.ActiveCfg = Release|Win32
		{63B90175-2399-4319-A593-20D608C7128C}.ReleaseDll|Mixed Platforms.Build.0 = Release|Win32
		{63B90175-2399-4319-A593-20D608C7128C}.ReleaseDll|Win32.ActiveCfg = Release|Win32
		{63B90175-2399-4319-A593-20D608C7128C}.ReleaseDll|Win32.Build.0 = Release|Win32
		{63B90175-2399-4319-A593-20D608C7128C}.Template|Any CPU.ActiveCfg = Release|Win32
		{63B90175-2399-4319-A593-20D608C7128C}.Template|Mixed Platforms.ActiveCfg = Release|Win32
		{63B90175-2399-4319-A593-20D608C7128C}.Template|Mixed Platforms.Build.0 = Release|Win32
		{63B90175-2399-4319-A593-20D608C7128C}.Template|Win32.ActiveCfg = Release|Win32
		{63B90175-2399-4319-A593-20D608C7128C}.Template|Win32.Build.0 = Release|Win32
	EndGlobalSection
	GlobalSection(SolutionProperties) = preSolution
		HideSolutionNode = FALSE
	EndGlobalSection
	GlobalSection(NestedProjects) = preSolution
		{5F2D4540-93FB-41F1-93DD-9264BA7F1621} = {68550D1B-6F2F-45B1-98A6-F771EE7C2AD1}
		{CB57C178-E953-4AE5-9B65-46D268DB49B0} = {68550D1B-6F2F-45B1-98A6-F771EE7C2AD1}
		{96AE70C7-52D3-44E7-AAF8-F1300DFDC89C} = {68550D1B-6F2F-45B1-98A6-F771EE7C2AD1}
		{8BC09C68-9251-413D-8CA0-E9EDE4E425F5} = {68550D1B-6F2F-45B1-98A6-F771EE7C2AD1}
		{06486BED-6864-4B62-9DCC-978C57EF5D07} = {68550D1B-6F2F-45B1-98A6-F771EE7C2AD1}
		{A4F58387-FCAD-472C-BF7F-7D14F21BE2A0} = {0AA607B4-D9D2-4F70-A624-D256A66B4076}
		{3D039D88-BAC6-4526-A291-53EE49304EAA} = {0AA607B4-D9D2-4F70-A624-D256A66B4076}
		{8D8FFCC4-7A95-46C9-ADA0-B95F97866A7C} = {0AA607B4-D9D2-4F70-A624-D256A66B4076}
		{CA8C9086-83B0-401D-AB30-1BD33C7362EA} = {0AA607B4-D9D2-4F70-A624-D256A66B4076}
		{C1589DFD-782C-4ED0-8970-178D4BFACC51} = {8F198E06-A1AC-41FD-869B-8EAB0941BFEC}
		{290726E6-0596-4252-A522-A8D2812C8D60} = {8F198E06-A1AC-41FD-869B-8EAB0941BFEC}
		{090D4EA6-17E5-4F6C-A336-A2D370FDE87E} = {3BEE5651-E180-4FAF-A50B-AA2DC705DDB0}
		{948FF028-EC3B-412B-9290-B29D7241F89D} = {3BEE5651-E180-4FAF-A50B-AA2DC705DDB0}
		{63B90175-2399-4319-A593-20D608C7128C} = {3BEE5651-E180-4FAF-A50B-AA2DC705DDB0}
		{A065601D-C82F-4DDF-AC0A-D546474985E7} = {38E0C3FE-3683-4C71-832F-0DD858EA2ADB}
		{91E6735B-2B35-4A3E-80A5-E580703BCF4D} = {22DA749C-1CEE-409B-AD77-FAE7AD3230AD}
		{56F56069-143C-4083-9519-5DEBDF9F3E3B} = {6449D1FB-0E75-40EB-998A-CB7FFBEAE8F5}
		{AFB9A54B-500B-403D-9D4C-9EA5A5D11179} = {4E5F43DC-3B69-4F43-9716-DB0F4BA075E3}
		{B225BD03-0E25-4AB1-97A0-3EA7A5C6464F} = {C999CC79-11E2-483A-BD1A-95C469A4E9A6}
		{4B9497FC-CF8A-428F-AE53-978D1C395336} = {C999CC79-11E2-483A-BD1A-95C469A4E9A6}
		{2027B367-96A5-44B2-9E57-1A91E64D5E7A} = {4EEBDE65-2E7A-4ADF-BA3C-A07A9D9A9F4C}
		{4D885462-C579-44D8-A2D3-22DB75628972} = {56FB262E-9FA0-45AD-A157-95BB15FECE4F}
		{B7E95631-3E9C-4977-9031-903CB3D15DF8} = {FE13F0E4-F991-45A9-AD7F-473F36E01F03}
		{ADA13E25-643B-4D42-8E3A-4B4F85752AC8} = {4B2B09F7-DB05-4AFB-84BB-0B13AF3AB8CA}
		{32C370A5-3CBB-410F-A9AA-E45AA8ABCE34} = {40757A5A-8617-4EBB-B2C4-B88AF62127A2}
	EndGlobalSection
EndGlobal
