<?xml version="1.0" encoding="utf-8"?>
<Project ToolsVersion="4.0" xmlns="http://schemas.microsoft.com/developer/msbuild/2003">
  <ItemGroup>
    <Filter Include="Source Files">
      <UniqueIdentifier>{4FC737F1-C7A5-4376-A066-2A32D752A2FF}</UniqueIdentifier>
      <Extensions>cpp;cxx;c;def</Extensions>
    </Filter>
    <Filter Include="Header Files">
      <UniqueIdentifier>{93995380-89BD-4b04-88EB-625FBE52EBFB}</UniqueIdentifier>
      <Extensions>h</Extensions>
    </Filter>
    <Filter Include="Form Files">
      <UniqueIdentifier>{99349809-55BA-4b9d-BF79-8FDBB0286EB3}</UniqueIdentifier>
      <Extensions>ui</Extensions>
    </Filter>
    <Filter Include="Resource Files">
      <UniqueIdentifier>{D9D6E242-F8AF-46E4-B9FD-80ECBC20BA3E}</UniqueIdentifier>
      <Extensions>qrc;*</Extensions>
      <ParseFiles>false</ParseFiles>
    </Filter>
    <Filter Include="Generated Files">
      <UniqueIdentifier>{71ED8ED8-ACB9-4CE9-BBE1-E00B30144E11}</UniqueIdentifier>
      <Extensions>moc;h;cpp</Extensions>
      <SourceControlFiles>False</SourceControlFiles>
    </Filter>
    <Filter Include="Generated Files\Debug">
      <UniqueIdentifier>{d696342b-93ef-4836-bae2-b0481b17b474}</UniqueIdentifier>
      <Extensions>cpp;moc</Extensions>
      <SourceControlFiles>False</SourceControlFiles>
    </Filter>
    <Filter Include="Generated Files\Release">
      <UniqueIdentifier>{35178efe-c964-4d1b-bdeb-1301cf58f352}</UniqueIdentifier>
      <Extensions>cpp;moc</Extensions>
      <SourceControlFiles>False</SourceControlFiles>
    </Filter>
  </ItemGroup>
  <ItemGroup>
    <ClCompile Include="poweranalysis.cpp">
      <Filter>Source Files</Filter>
    </ClCompile>
    <ClCompile Include="OperatorDictionary.cpp">
      <Filter>Source Files</Filter>
    </ClCompile>
    <ClCompile Include="PowerAnalysisBaseData.cpp">
      <Filter>Source Files</Filter>
    </ClCompile>
    <ClCompile Include="OperatorEngine.cpp">
      <Filter>Source Files</Filter>
    </ClCompile>
    <ClCompile Include="GeneratedFiles\qrc_poweranalysis.cpp">
      <Filter>Generated Files</Filter>
    </ClCompile>
    <ClCompile Include="PowerAnalysisWgt.cpp">
      <Filter>Source Files</Filter>
    </ClCompile>
    <ClCompile Include="GeneratedFiles\Debug\moc_PowerAnalysisWgt.cpp">
      <Filter>Generated Files\Debug</Filter>
    </ClCompile>
    <ClCompile Include="GeneratedFiles\Release\moc_PowerAnalysisWgt.cpp">
      <Filter>Generated Files\Release</Filter>
    </ClCompile>
    <ClCompile Include="FormulaCountWgt.cpp">
      <Filter>Source Files</Filter>
    </ClCompile>
    <ClCompile Include="WarheadStructureWgt.cpp">
      <Filter>Source Files</Filter>
    </ClCompile>
    <ClCompile Include="TaskConfigWgt.cpp">
      <Filter>Source Files</Filter>
    </ClCompile>
    <ClCompile Include="ResultProcessWgt.cpp">
      <Filter>Source Files</Filter>
    </ClCompile>
    <ClCompile Include="GeneratedFiles\Debug\moc_FormulaCountWgt.cpp">
      <Filter>Generated Files\Debug</Filter>
    </ClCompile>
    <ClCompile Include="GeneratedFiles\Release\moc_FormulaCountWgt.cpp">
      <Filter>Generated Files\Release</Filter>
    </ClCompile>
    <ClCompile Include="GeneratedFiles\Debug\moc_ResultProcessWgt.cpp">
      <Filter>Generated Files\Debug</Filter>
    </ClCompile>
    <ClCompile Include="GeneratedFiles\Release\moc_ResultProcessWgt.cpp">
      <Filter>Generated Files\Release</Filter>
    </ClCompile>
    <ClCompile Include="GeneratedFiles\Debug\moc_TaskConfigWgt.cpp">
      <Filter>Generated Files\Debug</Filter>
    </ClCompile>
    <ClCompile Include="GeneratedFiles\Release\moc_TaskConfigWgt.cpp">
      <Filter>Generated Files\Release</Filter>
    </ClCompile>
  </ItemGroup>
  <ItemGroup>
    <ClInclude Include="poweranalysis.h">
      <Filter>Header Files</Filter>
    </ClInclude>
    <ClInclude Include="poweranalysis_global.h">
      <Filter>Header Files</Filter>
    </ClInclude>
    <ClInclude Include="OperatorDictionary.h">
      <Filter>Header Files</Filter>
    </ClInclude>
    <ClInclude Include="PowerAnalysisBaseData.h">
      <Filter>Header Files</Filter>
    </ClInclude>
    <ClInclude Include="OperatorEngine.h">
      <Filter>Header Files</Filter>
    </ClInclude>
    <ClInclude Include="GeneratedFiles\ui_poweranalysiswgt.h">
      <Filter>Generated Files</Filter>
    </ClInclude>
    <ClInclude Include="GeneratedFiles\ui_formulacount.h">
      <Filter>Generated Files</Filter>
    </ClInclude>
    <ClInclude Include="GeneratedFiles\ui_taskconfig.h">
      <Filter>Generated Files</Filter>
    </ClInclude>
    <ClInclude Include="GeneratedFiles\ui_warheadstructure.h">
      <Filter>Generated Files</Filter>
    </ClInclude>
  </ItemGroup>
  <ItemGroup>
    <CustomBuild Include="Resources\poweranalysis.qrc">
      <Filter>Resource Files</Filter>
    </CustomBuild>
    <CustomBuild Include="poweranalysiswgt.ui">
      <Filter>Form Files</Filter>
    </CustomBuild>
    <CustomBuild Include="PowerAnalysisWgt.h">
      <Filter>Header Files</Filter>
    </CustomBuild>
    <CustomBuild Include="formulacount.ui">
      <Filter>Form Files</Filter>
    </CustomBuild>
    <CustomBuild Include="taskconfig.ui">
      <Filter>Form Files</Filter>
    </CustomBuild>
    <CustomBuild Include="warheadstructure.ui">
      <Filter>Form Files</Filter>
    </CustomBuild>
    <CustomBuild Include="FormulaCountWgt.h">
      <Filter>Header Files</Filter>
    </CustomBuild>
    <CustomBuild Include="ResultProcessWgt.h">
      <Filter>Header Files</Filter>
    </CustomBuild>
    <CustomBuild Include="TaskConfigWgt.h">
      <Filter>Header Files</Filter>
    </CustomBuild>
    <CustomBuild Include="WarheadStructureWgt.h">
      <Filter>Header Files</Filter>
    </CustomBuild>
  </ItemGroup>
</Project>